// !$*UTF8*$!
{
	archiveVersion = 1;
	classes = {
	};
	objectVersion = 50;
	objects = {

/* Begin PBXBuildFile section */
		522FDA3624A6DA5000606455 /* AppDelegate.swift in Sources */ = {isa = PBXBuildFile; fileRef = 522FDA3524A6DA5000606455 /* AppDelegate.swift */; };
		522FDA3824A6DA5000606455 /* SceneDelegate.swift in Sources */ = {isa = PBXBuildFile; fileRef = 522FDA3724A6DA5000606455 /* SceneDelegate.swift */; };
		522FDA3A24A6DA5000606455 /* ViewController.swift in Sources */ = {isa = PBXBuildFile; fileRef = 522FDA3924A6DA5000606455 /* ViewController.swift */; };
		522FDA3D24A6DA5000606455 /* Main.storyboard in Resources */ = {isa = PBXBuildFile; fileRef = 522FDA3B24A6DA5000606455 /* Main.storyboard */; };
		522FDA3F24A6DA5200606455 /* Assets.xcassets in Resources */ = {isa = PBXBuildFile; fileRef = 522FDA3E24A6DA5200606455 /* Assets.xcassets */; };
		522FDA4224A6DA5200606455 /* LaunchScreen.storyboard in Resources */ = {isa = PBXBuildFile; fileRef = 522FDA4024A6DA5200606455 /* LaunchScreen.storyboard */; };
		522FDA4A24A6DBDE00606455 /* DetalhesViewController.swift in Sources */ = {isa = PBXBuildFile; fileRef = 522FDA4924A6DBDE00606455 /* DetalhesViewController.swift */; };
/* End PBXBuildFile section */

/* Begin PBXFileReference section */
		522FDA3224A6DA5000606455 /* Passando Dados.app */ = {isa = PBXFileReference; explicitFileType = wrapper.application; includeInIndex = 0; path = "Passando Dados.app"; sourceTree = BUILT_PRODUCTS_DIR; };
		522FDA3524A6DA5000606455 /* AppDelegate.swift */ = {isa = PBXFileReference; lastKnownFileType = sourcecode.swift; path = AppDelegate.swift; sourceTree = "<group>"; };
		522FDA3724A6DA5000606455 /* SceneDelegate.swift */ = {isa = PBXFileReference; lastKnownFileType = sourcecode.swift; path = SceneDelegate.swift; sourceTree = "<group>"; };
		522FDA3924A6DA5000606455 /* ViewController.swift */ = {isa = PBXFileReference; lastKnownFileType = sourcecode.swift; path = ViewController.swift; sourceTree = "<group>"; };
		522FDA3C24A6DA5000606455 /* Base */ = {isa = PBXFileReference; lastKnownFileType = file.storyboard; name = Base; path = Base.lproj/Main.storyboard; sourceTree = "<group>"; };
		522FDA3E24A6DA5200606455 /* Assets.xcassets */ = {isa = PBXFileReference; lastKnownFileType = folder.assetcatalog; path = Assets.xcassets; sourceTree = "<group>"; };
		522FDA4124A6DA5200606455 /* Base */ = {isa = PBXFileReference; lastKnownFileType = file.storyboard; name = Base; path = Base.lproj/LaunchScreen.storyboard; sourceTree = "<group>"; };
		522FDA4324A6DA5200606455 /* Info.plist */ = {isa = PBXFileReference; lastKnownFileType = text.plist.xml; path = Info.plist; sourceTree = "<group>"; };
		522FDA4924A6DBDE00606455 /* DetalhesViewController.swift */ = {isa = PBXFileReference; lastKnownFileType = sourcecode.swift; path = DetalhesViewController.swift; sourceTree = "<group>"; };
/* End PBXFileReference section */

/* Begin PBXFrameworksBuildPhase section */
		522FDA2F24A6DA5000606455 /* Frameworks */ = {
			isa = PBXFrameworksBuildPhase;
			buildActionMask = 2147483647;
			files = (
			);
			runOnlyForDeploymentPostprocessing = 0;
		};
/* End PBXFrameworksBuildPhase section */

/* Begin PBXGroup section */
		522FDA2924A6DA5000606455 = {
			isa = PBXGroup;
			children = (
				522FDA3424A6DA5000606455 /* Passando Dados */,
				522FDA3324A6DA5000606455 /* Products */,
			);
			sourceTree = "<group>";
		};
		522FDA3324A6DA5000606455 /* Products */ = {
			isa = PBXGroup;
			children = (
				522FDA3224A6DA5000606455 /* Passando Dados.app */,
			);
			name = Products;
			sourceTree = "<group>";
		};
		522FDA3424A6DA5000606455 /* Passando Dados */ = {
			isa = PBXGroup;
			children = (
				522FDA3524A6DA5000606455 /* AppDelegate.swift */,
				522FDA3724A6DA5000606455 /* SceneDelegate.swift */,
				522FDA3924A6DA5000606455 /* ViewController.swift */,
				522FDA4924A6DBDE00606455 /* DetalhesViewController.swift */,
				522FDA3B24A6DA5000606455 /* Main.storyboard */,
				522FDA3E24A6DA5200606455 /* Assets.xcassets */,
				522FDA4024A6DA5200606455 /* LaunchScreen.storyboard */,
				522FDA4324A6DA5200606455 /* Info.plist */,
			);
			path = "Passando Dados";
			sourceTree = "<group>";
		};
/* End PBXGroup section */

/* Begin PBXNativeTarget section */
		522FDA3124A6DA5000606455 /* Passando Dados */ = {
			isa = PBXNativeTarget;
			buildConfigurationList = 522FDA4624A6DA5200606455 /* Build configuration list for PBXNativeTarget "Passando Dados" */;
			buildPhases = (
				522FDA2E24A6DA5000606455 /* Sources */,
				522FDA2F24A6DA5000606455 /* Frameworks */,
				522FDA3024A6DA5000606455 /* Resources */,
			);
			buildRules = (
			);
			dependencies = (
			);
			name = "Passando Dados";
			productName = "Passando Dados";
			productReference = 522FDA3224A6DA5000606455 /* Passando Dados.app */;
			productType = "com.apple.product-type.application";
		};
/* End PBXNativeTarget section */

/* Begin PBXProject section */
		522FDA2A24A6DA5000606455 /* Project object */ = {
			isa = PBXProject;
			attributes = {
				LastSwiftUpdateCheck = 1150;
				LastUpgradeCheck = 1150;
				ORGANIZATIONNAME = "Milton Leslie";
				TargetAttributes = {
					522FDA3124A6DA5000606455 = {
						CreatedOnToolsVersion = 11.5;
					};
				};
			};
			buildConfigurationList = 522FDA2D24A6DA5000606455 /* Build configuration list for PBXProject "Passando Dados" */;
			compatibilityVersion = "Xcode 9.3";
			developmentRegion = en;
			hasScannedForEncodings = 0;
			knownRegions = (
				en,
				Base,
			);
			mainGroup = 522FDA2924A6DA5000606455;
			productRefGroup = 522FDA3324A6DA5000606455 /* Products */;
			projectDirPath = "";
			projectRoot = "";
			targets = (
				522FDA3124A6DA5000606455 /* Passando Dados */,
			);
		};
/* End PBXProject section */

/* Begin PBXResourcesBuildPhase section */
		522FDA3024A6DA5000606455 /* Resources */ = {
			isa = PBXResourcesBuildPhase;
			buildActionMask = 2147483647;
			files = (
				522FDA4224A6DA5200606455 /* LaunchScreen.storyboard in Resources */,
				522FDA3F24A6DA5200606455 /* Assets.xcassets in Resources */,
				522FDA3D24A6DA5000606455 /* Main.storyboard in Resources */,
			);
			runOnlyForDeploymentPostprocessing = 0;
		};
/* End PBXResourcesBuildPhase section */

/* Begin PBXSourcesBuildPhase section */
		522FDA2E24A6DA5000606455 /* Sources */ = {
			isa = PBXSourcesBuildPhase;
			buildActionMask = 2147483647;
			files = (
				522FDA4A24A6DBDE00606455 /* DetalhesViewController.swift in Sources */,
				522FDA3A24A6DA5000606455 /* ViewController.swift in Sources */,
				522FDA3624A6DA5000606455 /* AppDelegate.swift in Sources */,
				522FDA3824A6DA5000606455 /* SceneDelegate.swift in Sources */,
			);
			runOnlyForDeploymentPostprocessing = 0;
		};
/* End PBXSourcesBuildPhase section */

/* Begin PBXVariantGroup section */
		522FDA3B24A6DA5000606455 /* Main.storyboard */ = {
			isa = PBXVariantGroup;
			children = (
				522FDA3C24A6DA5000606455 /* Base */,
			);
			name = Main.storyboard;
			sourceTree = "<group>";
		};
		522FDA4024A6DA5200606455 /* LaunchScreen.storyboard */ = {
			isa = PBXVariantGroup;
			children = (
				522FDA4124A6DA5200606455 /* Base */,
			);
			name = LaunchScreen.storyboard;
			sourceTree = "<group>";
		};
/* End PBXVariantGroup section */

/* Begin XCBuildConfiguration section */
		522FDA4424A6DA5200606455 /* Debug */ = {
			isa = XCBuildConfiguration;
			buildSettings = {
				ALWAYS_SEARCH_USER_PATHS = NO;
				CLANG_ANALYZER_NONNULL = YES;
				CLANG_ANALYZER_NUMBER_OBJECT_CONVERSION = YES_AGGRESSIVE;
				CLANG_CXX_LANGUAGE_STANDARD = "gnu++14";
				CLANG_CXX_LIBRARY = "libc++";
				CLANG_ENABLE_MODULES = YES;
				CLANG_ENABLE_OBJC_ARC = YES;
				CLANG_ENABLE_OBJC_WEAK = YES;
				CLANG_WARN_BLOCK_CAPTURE_AUTORELEASING = YES;
				CLANG_WARN_BOOL_CONVERSION = YES;
				CLANG_WARN_COMMA = YES;
				CLANG_WARN_CONSTANT_CONVERSION = YES;
				CLANG_WARN_DEPRECATED_OBJC_IMPLEMENTATIONS = YES;
				CLANG_WARN_DIRECT_OBJC_ISA_USAGE = YES_ERROR;
				CLANG_WARN_DOCUMENTATION_COMMENTS = YES;
				CLANG_WARN_EMPTY_BODY = YES;
				CLANG_WARN_ENUM_CONVERSION = YES;
				CLANG_WARN_INFINITE_RECURSION = YES;
				CLANG_WARN_INT_CONVERSION = YES;
				CLANG_WARN_NON_LITERAL_NULL_CONVERSION = YES;
				CLANG_WARN_OBJC_IMPLICIT_RETAIN_SELF = YES;
				CLANG_WARN_OBJC_LITERAL_CONVERSION = YES;
				CLANG_WARN_OBJC_ROOT_CLASS = YES_ERROR;
				CLANG_WARN_RANGE_LOOP_ANALYSIS = YES;
				CLANG_WARN_STRICT_PROTOTYPES = YES;
				CLANG_WARN_SUSPICIOUS_MOVE = YES;
				CLANG_WARN_UNGUARDED_AVAILABILITY = YES_AGGRESSIVE;
				CLANG_WARN_UNREACHABLE_CODE = YES;
				CLANG_WARN__DUPLICATE_METHOD_MATCH = YES;
				COPY_PHASE_STRIP = NO;
				DEBUG_INFORMATION_FORMAT = dwarf;
				ENABLE_STRICT_OBJC_MSGSEND = YES;
				ENABLE_TESTABILITY = YES;
				GCC_C_LANGUAGE_STANDARD = gnu11;
				GCC_DYNAMIC_NO_PIC = NO;
				GCC_NO_COMMON_BLOCKS = YES;
				GCC_OPTIMIZATION_LEVEL = 0;
				GCC_PREPROCESSOR_DEFINITIONS = (
					"DEBUG=1",
					"$(inherited)",
				);
				GCC_WARN_64_TO_32_BIT_CONVERSION = YES;
				GCC_WARN_ABOUT_RETURN_TYPE = YES_ERROR;
				GCC_WARN_UNDECLARED_SELECTOR = YES;
				GCC_WARN_UNINITIALIZED_AUTOS = YES_AGGRESSIVE;
				GCC_WARN_UNUSED_FUNCTION = YES;
				GCC_WARN_UNUSED_VARIABLE = YES;
				IPHONEOS_DEPLOYMENT_TARGET = 13.5;
				MTL_ENABLE_DEBUG_INFO = INCLUDE_SOURCE;
				MTL_FAST_MATH = YES;
				ONLY_ACTIVE_ARCH = YES;
				SDKROOT = iphoneos;
				SWIFT_ACTIVE_COMPILATION_CONDITIONS = DEBUG;
				SWIFT_OPTIMIZATION_LEVEL = "-Onone";
			};
			name = Debug;
		};
		522FDA4524A6DA5200606455 /* Release */ = {
			isa = XCBuildConfiguration;
			buildSettings = {
				ALWAYS_SEARCH_USER_PATHS = NO;
				CLANG_ANALYZER_NONNULL = YES;
				CLANG_ANALYZER_NUMBER_OBJECT_CONVERSION = YES_AGGRESSIVE;
				CLANG_CXX_LANGUAGE_STANDARD = "gnu++14";
				CLANG_CXX_LIBRARY = "libc++";
				CLANG_ENABLE_MODULES = YES;
				CLANG_ENABLE_OBJC_ARC = YES;
				CLANG_ENABLE_OBJC_WEAK = YES;
				CLANG_WARN_BLOCK_CAPTURE_AUTORELEASING = YES;
				CLANG_WARN_BOOL_CONVERSION = YES;
				CLANG_WARN_COMMA = YES;
				CLANG_WARN_CONSTANT_CONVERSION = YES;
				CLANG_WARN_DEPRECATED_OBJC_IMPLEMENTATIONS = YES;
				CLANG_WARN_DIRECT_OBJC_ISA_USAGE = YES_ERROR;
				CLANG_WARN_DOCUMENTATION_COMMENTS = YES;
				CLANG_WARN_EMPTY_BODY = YES;
				CLANG_WARN_ENUM_CONVERSION = YES;
				CLANG_WARN_INFINITE_RECURSION = YES;
				CLANG_WARN_INT_CONVERSION = YES;
				CLANG_WARN_NON_LITERAL_NULL_CONVERSION = YES;
				CLANG_WARN_OBJC_IMPLICIT_RETAIN_SELF = YES;
				CLANG_WARN_OBJC_LITERAL_CONVERSION = YES;
				CLANG_WARN_OBJC_ROOT_CLASS = YES_ERROR;
				CLANG_WARN_RANGE_LOOP_ANALYSIS = YES;
				CLANG_WARN_STRICT_PROTOTYPES = YES;
				CLANG_WARN_SUSPICIOUS_MOVE = YES;
				CLANG_WARN_UNGUARDED_AVAILABILITY = YES_AGGRESSIVE;
				CLANG_WARN_UNREACHABLE_CODE = YES;
				CLANG_WARN__DUPLICATE_METHOD_MATCH = YES;
				COPY_PHASE_STRIP = NO;
				DEBUG_INFORMATION_FORMAT = "dwarf-with-dsym";
				ENABLE_NS_ASSERTIONS = NO;
				ENABLE_STRICT_OBJC_MSGSEND = YES;
				GCC_C_LANGUAGE_STANDARD = gnu11;
				GCC_NO_COMMON_BLOCKS = YES;
				GCC_WARN_64_TO_32_BIT_CONVERSION = YES;
				GCC_WARN_ABOUT_RETURN_TYPE = YES_ERROR;
				GCC_WARN_UNDECLARED_SELECTOR = YES;
				GCC_WARN_UNINITIALIZED_AUTOS = YES_AGGRESSIVE;
				GCC_WARN_UNUSED_FUNCTION = YES;
				GCC_WARN_UNUSED_VARIABLE = YES;
				IPHONEOS_DEPLOYMENT_TARGET = 13.5;
				MTL_ENABLE_DEBUG_INFO = NO;
				MTL_FAST_MATH = YES;
				SDKROOT = iphoneos;
				SWIFT_COMPILATION_MODE = wholemodule;
				SWIFT_OPTIMIZATION_LEVEL = "-O";
				VALIDATE_PRODUCT = YES;
			};
			name = Release;
		};
		522FDA4724A6DA5200606455 /* Debug */ = {
			isa = XCBuildConfiguration;
			buildSettings = {
				ASSETCATALOG_COMPILER_APPICON_NAME = AppIcon;
				CODE_SIGN_STYLE = Automatic;
				DEVELOPMENT_TEAM = 77F3V7ZPZG;
				INFOPLIST_FILE = "Passando Dados/Info.plist";
				LD_RUNPATH_SEARCH_PATHS = (
					"$(inherited)",
					"@executable_path/Frameworks",
				);
				PRODUCT_BUNDLE_IDENTIFIER = "br.com.mleslie.Passando-Dados";
				PRODUCT_NAME = "$(TARGET_NAME)";
				SWIFT_VERSION = 5.0;
				TARGETED_DEVICE_FAMILY = "1,2";
			};
			name = Debug;
		};
		522FDA4824A6DA5200606455 /* Release */ = {
			isa = XCBuildConfiguration;
			buildSettings = {
				ASSETCATALOG_COMPILER_APPICON_NAME = AppIcon;
				CODE_SIGN_STYLE = Automatic;
				DEVELOPMENT_TEAM = 77F3V7ZPZG;
				INFOPLIST_FILE = "Passando Dados/Info.plist";
				LD_RUNPATH_SEARCH_PATHS = (
					"$(inherited)",
					"@executable_path/Frameworks",
				);
				PRODUCT_BUNDLE_IDENTIFIER = "br.com.mleslie.Passando-Dados";
				PRODUCT_NAME = "$(TARGET_NAME)";
				SWIFT_VERSION = 5.0;
				TARGETED_DEVICE_FAMILY = "1,2";
			};
			name = Release;
		};
/* End XCBuildConfiguration section */

/* Begin XCConfigurationList section */
		522FDA2D24A6DA5000606455 /* Build configuration list for PBXProject "Passando Dados" */ = {
			isa = XCConfigurationList;
			buildConfigurations = (
				522FDA4424A6DA5200606455 /* Debug */,
				522FDA4524A6DA5200606455 /* Release */,
			);
			defaultConfigurationIsVisible = 0;
			defaultConfigurationName = Release;
		};
		522FDA4624A6DA5200606455 /* Build configuration list for PBXNativeTarget "Passando Dados" */ = {
			isa = XCConfigurationList;
			buildConfigurations = (
				522FDA4724A6DA5200606455 /* Debug */,
				522FDA4824A6DA5200606455 /* Release */,
			);
			defaultConfigurationIsVisible = 0;
			defaultConfigurationName = Release;
		};
/* End XCConfigurationList section */
	};
	rootObject = 522FDA2A24A6DA5000606455 /* Project object */;
}
