// !$*UTF8*$!
{
	archiveVersion = 1;
	classes = {
	};
	objectVersion = 50;
	objects = {

/* Begin PBXBuildFile section */
		52A0B25D24EB5E4F0081627C /* AppDelegate.swift in Sources */ = {isa = PBXBuildFile; fileRef = 52A0B25C24EB5E4F0081627C /* AppDelegate.swift */; };
		52A0B25F24EB5E4F0081627C /* SceneDelegate.swift in Sources */ = {isa = PBXBuildFile; fileRef = 52A0B25E24EB5E4F0081627C /* SceneDelegate.swift */; };
		52A0B26124EB5E4F0081627C /* ViewController.swift in Sources */ = {isa = PBXBuildFile; fileRef = 52A0B26024EB5E4F0081627C /* ViewController.swift */; };
		52A0B26424EB5E4F0081627C /* Main.storyboard in Resources */ = {isa = PBXBuildFile; fileRef = 52A0B26224EB5E4F0081627C /* Main.storyboard */; };
		52A0B26624EB5E570081627C /* Assets.xcassets in Resources */ = {isa = PBXBuildFile; fileRef = 52A0B26524EB5E570081627C /* Assets.xcassets */; };
		52A0B26924EB5E570081627C /* LaunchScreen.storyboard in Resources */ = {isa = PBXBuildFile; fileRef = 52A0B26724EB5E570081627C /* LaunchScreen.storyboard */; };
		52A0B27224EB5EB00081627C /* CoreLocation.framework in Frameworks */ = {isa = PBXBuildFile; fileRef = 52A0B27124EB5EB00081627C /* CoreLocation.framework */; };
/* End PBXBuildFile section */

/* Begin PBXFileReference section */
		52A0B25924EB5E4F0081627C /* Onde Estou.app */ = {isa = PBXFileReference; explicitFileType = wrapper.application; includeInIndex = 0; path = "Onde Estou.app"; sourceTree = BUILT_PRODUCTS_DIR; };
		52A0B25C24EB5E4F0081627C /* AppDelegate.swift */ = {isa = PBXFileReference; lastKnownFileType = sourcecode.swift; path = AppDelegate.swift; sourceTree = "<group>"; };
		52A0B25E24EB5E4F0081627C /* SceneDelegate.swift */ = {isa = PBXFileReference; lastKnownFileType = sourcecode.swift; path = SceneDelegate.swift; sourceTree = "<group>"; };
		52A0B26024EB5E4F0081627C /* ViewController.swift */ = {isa = PBXFileReference; lastKnownFileType = sourcecode.swift; path = ViewController.swift; sourceTree = "<group>"; };
		52A0B26324EB5E4F0081627C /* Base */ = {isa = PBXFileReference; lastKnownFileType = file.storyboard; name = Base; path = Base.lproj/Main.storyboard; sourceTree = "<group>"; };
		52A0B26524EB5E570081627C /* Assets.xcassets */ = {isa = PBXFileReference; lastKnownFileType = folder.assetcatalog; path = Assets.xcassets; sourceTree = "<group>"; };
		52A0B26824EB5E570081627C /* Base */ = {isa = PBXFileReference; lastKnownFileType = file.storyboard; name = Base; path = Base.lproj/LaunchScreen.storyboard; sourceTree = "<group>"; };
		52A0B26A24EB5E570081627C /* Info.plist */ = {isa = PBXFileReference; lastKnownFileType = text.plist.xml; path = Info.plist; sourceTree = "<group>"; };
		52A0B27124EB5EB00081627C /* CoreLocation.framework */ = {isa = PBXFileReference; lastKnownFileType = wrapper.framework; name = CoreLocation.framework; path = System/Library/Frameworks/CoreLocation.framework; sourceTree = SDKROOT; };
/* End PBXFileReference section */

/* Begin PBXFrameworksBuildPhase section */
		52A0B25624EB5E4F0081627C /* Frameworks */ = {
			isa = PBXFrameworksBuildPhase;
			buildActionMask = 2147483647;
			files = (
				52A0B27224EB5EB00081627C /* CoreLocation.framework in Frameworks */,
			);
			runOnlyForDeploymentPostprocessing = 0;
		};
/* End PBXFrameworksBuildPhase section */

/* Begin PBXGroup section */
		52A0B25024EB5E4F0081627C = {
			isa = PBXGroup;
			children = (
				52A0B25B24EB5E4F0081627C /* Onde Estou */,
				52A0B25A24EB5E4F0081627C /* Products */,
				52A0B27024EB5EB00081627C /* Frameworks */,
			);
			sourceTree = "<group>";
		};
		52A0B25A24EB5E4F0081627C /* Products */ = {
			isa = PBXGroup;
			children = (
				52A0B25924EB5E4F0081627C /* Onde Estou.app */,
			);
			name = Products;
			sourceTree = "<group>";
		};
		52A0B25B24EB5E4F0081627C /* Onde Estou */ = {
			isa = PBXGroup;
			children = (
				52A0B25C24EB5E4F0081627C /* AppDelegate.swift */,
				52A0B25E24EB5E4F0081627C /* SceneDelegate.swift */,
				52A0B26024EB5E4F0081627C /* ViewController.swift */,
				52A0B26224EB5E4F0081627C /* Main.storyboard */,
				52A0B26524EB5E570081627C /* Assets.xcassets */,
				52A0B26724EB5E570081627C /* LaunchScreen.storyboard */,
				52A0B26A24EB5E570081627C /* Info.plist */,
			);
			path = "Onde Estou";
			sourceTree = "<group>";
		};
		52A0B27024EB5EB00081627C /* Frameworks */ = {
			isa = PBXGroup;
			children = (
				52A0B27124EB5EB00081627C /* CoreLocation.framework */,
			);
			name = Frameworks;
			sourceTree = "<group>";
		};
/* End PBXGroup section */

/* Begin PBXNativeTarget section */
		52A0B25824EB5E4F0081627C /* Onde Estou */ = {
			isa = PBXNativeTarget;
			buildConfigurationList = 52A0B26D24EB5E570081627C /* Build configuration list for PBXNativeTarget "Onde Estou" */;
			buildPhases = (
				52A0B25524EB5E4F0081627C /* Sources */,
				52A0B25624EB5E4F0081627C /* Frameworks */,
				52A0B25724EB5E4F0081627C /* Resources */,
			);
			buildRules = (
			);
			dependencies = (
			);
			name = "Onde Estou";
			productName = "Onde Estou";
			productReference = 52A0B25924EB5E4F0081627C /* Onde Estou.app */;
			productType = "com.apple.product-type.application";
		};
/* End PBXNativeTarget section */

/* Begin PBXProject section */
		52A0B25124EB5E4F0081627C /* Project object */ = {
			isa = PBXProject;
			attributes = {
				LastSwiftUpdateCheck = 1160;
				LastUpgradeCheck = 1240;
				ORGANIZATIONNAME = "Milton Leslie";
				TargetAttributes = {
					52A0B25824EB5E4F0081627C = {
						CreatedOnToolsVersion = 11.6;
					};
				};
			};
			buildConfigurationList = 52A0B25424EB5E4F0081627C /* Build configuration list for PBXProject "Onde Estou" */;
			compatibilityVersion = "Xcode 9.3";
			developmentRegion = en;
			hasScannedForEncodings = 0;
			knownRegions = (
				en,
				Base,
			);
			mainGroup = 52A0B25024EB5E4F0081627C;
			productRefGroup = 52A0B25A24EB5E4F0081627C /* Products */;
			projectDirPath = "";
			projectRoot = "";
			targets = (
				52A0B25824EB5E4F0081627C /* Onde Estou */,
			);
		};
/* End PBXProject section */

/* Begin PBXResourcesBuildPhase section */
		52A0B25724EB5E4F0081627C /* Resources */ = {
			isa = PBXResourcesBuildPhase;
			buildActionMask = 2147483647;
			files = (
				52A0B26924EB5E570081627C /* LaunchScreen.storyboard in Resources */,
				52A0B26624EB5E570081627C /* Assets.xcassets in Resources */,
				52A0B26424EB5E4F0081627C /* Main.storyboard in Resources */,
			);
			runOnlyForDeploymentPostprocessing = 0;
		};
/* End PBXResourcesBuildPhase section */

/* Begin PBXSourcesBuildPhase section */
		52A0B25524EB5E4F0081627C /* Sources */ = {
			isa = PBXSourcesBuildPhase;
			buildActionMask = 2147483647;
			files = (
				52A0B26124EB5E4F0081627C /* ViewController.swift in Sources */,
				52A0B25D24EB5E4F0081627C /* AppDelegate.swift in Sources */,
				52A0B25F24EB5E4F0081627C /* SceneDelegate.swift in Sources */,
			);
			runOnlyForDeploymentPostprocessing = 0;
		};
/* End PBXSourcesBuildPhase section */

/* Begin PBXVariantGroup section */
		52A0B26224EB5E4F0081627C /* Main.storyboard */ = {
			isa = PBXVariantGroup;
			children = (
				52A0B26324EB5E4F0081627C /* Base */,
			);
			name = Main.storyboard;
			sourceTree = "<group>";
		};
		52A0B26724EB5E570081627C /* LaunchScreen.storyboard */ = {
			isa = PBXVariantGroup;
			children = (
				52A0B26824EB5E570081627C /* Base */,
			);
			name = LaunchScreen.storyboard;
			sourceTree = "<group>";
		};
/* End PBXVariantGroup section */

/* Begin XCBuildConfiguration section */
		52A0B26B24EB5E570081627C /* Debug */ = {
			isa = XCBuildConfiguration;
			buildSettings = {
				ALWAYS_SEARCH_USER_PATHS = NO;
				CLANG_ANALYZER_NONNULL = YES;
				CLANG_ANALYZER_NUMBER_OBJECT_CONVERSION = YES_AGGRESSIVE;
				CLANG_CXX_LANGUAGE_STANDARD = "gnu++14";
				CLANG_CXX_LIBRARY = "libc++";
				CLANG_ENABLE_MODULES = YES;
				CLANG_ENABLE_OBJC_ARC = YES;
				CLANG_ENABLE_OBJC_WEAK = YES;
				CLANG_WARN_BLOCK_CAPTURE_AUTORELEASING = YES;
				CLANG_WARN_BOOL_CONVERSION = YES;
				CLANG_WARN_COMMA = YES;
				CLANG_WARN_CONSTANT_CONVERSION = YES;
				CLANG_WARN_DEPRECATED_OBJC_IMPLEMENTATIONS = YES;
				CLANG_WARN_DIRECT_OBJC_ISA_USAGE = YES_ERROR;
				CLANG_WARN_DOCUMENTATION_COMMENTS = YES;
				CLANG_WARN_EMPTY_BODY = YES;
				CLANG_WARN_ENUM_CONVERSION = YES;
				CLANG_WARN_INFINITE_RECURSION = YES;
				CLANG_WARN_INT_CONVERSION = YES;
				CLANG_WARN_NON_LITERAL_NULL_CONVERSION = YES;
				CLANG_WARN_OBJC_IMPLICIT_RETAIN_SELF = YES;
				CLANG_WARN_OBJC_LITERAL_CONVERSION = YES;
				CLANG_WARN_OBJC_ROOT_CLASS = YES_ERROR;
				CLANG_WARN_QUOTED_INCLUDE_IN_FRAMEWORK_HEADER = YES;
				CLANG_WARN_RANGE_LOOP_ANALYSIS = YES;
				CLANG_WARN_STRICT_PROTOTYPES = YES;
				CLANG_WARN_SUSPICIOUS_MOVE = YES;
				CLANG_WARN_UNGUARDED_AVAILABILITY = YES_AGGRESSIVE;
				CLANG_WARN_UNREACHABLE_CODE = YES;
				CLANG_WARN__DUPLICATE_METHOD_MATCH = YES;
				COPY_PHASE_STRIP = NO;
				DEBUG_INFORMATION_FORMAT = dwarf;
				ENABLE_STRICT_OBJC_MSGSEND = YES;
				ENABLE_TESTABILITY = YES;
				GCC_C_LANGUAGE_STANDARD = gnu11;
				GCC_DYNAMIC_NO_PIC = NO;
				GCC_NO_COMMON_BLOCKS = YES;
				GCC_OPTIMIZATION_LEVEL = 0;
				GCC_PREPROCESSOR_DEFINITIONS = (
					"DEBUG=1",
					"$(inherited)",
				);
				GCC_WARN_64_TO_32_BIT_CONVERSION = YES;
				GCC_WARN_ABOUT_RETURN_TYPE = YES_ERROR;
				GCC_WARN_UNDECLARED_SELECTOR = YES;
				GCC_WARN_UNINITIALIZED_AUTOS = YES_AGGRESSIVE;
				GCC_WARN_UNUSED_FUNCTION = YES;
				GCC_WARN_UNUSED_VARIABLE = YES;
				IPHONEOS_DEPLOYMENT_TARGET = 13.6;
				MTL_ENABLE_DEBUG_INFO = INCLUDE_SOURCE;
				MTL_FAST_MATH = YES;
				ONLY_ACTIVE_ARCH = YES;
				SDKROOT = iphoneos;
				SWIFT_ACTIVE_COMPILATION_CONDITIONS = DEBUG;
				SWIFT_OPTIMIZATION_LEVEL = "-Onone";
			};
			name = Debug;
		};
		52A0B26C24EB5E570081627C /* Release */ = {
			isa = XCBuildConfiguration;
			buildSettings = {
				ALWAYS_SEARCH_USER_PATHS = NO;
				CLANG_ANALYZER_NONNULL = YES;
				CLANG_ANALYZER_NUMBER_OBJECT_CONVERSION = YES_AGGRESSIVE;
				CLANG_CXX_LANGUAGE_STANDARD = "gnu++14";
				CLANG_CXX_LIBRARY = "libc++";
				CLANG_ENABLE_MODULES = YES;
				CLANG_ENABLE_OBJC_ARC = YES;
				CLANG_ENABLE_OBJC_WEAK = YES;
				CLANG_WARN_BLOCK_CAPTURE_AUTORELEASING = YES;
				CLANG_WARN_BOOL_CONVERSION = YES;
				CLANG_WARN_COMMA = YES;
				CLANG_WARN_CONSTANT_CONVERSION = YES;
				CLANG_WARN_DEPRECATED_OBJC_IMPLEMENTATIONS = YES;
				CLANG_WARN_DIRECT_OBJC_ISA_USAGE = YES_ERROR;
				CLANG_WARN_DOCUMENTATION_COMMENTS = YES;
				CLANG_WARN_EMPTY_BODY = YES;
				CLANG_WARN_ENUM_CONVERSION = YES;
				CLANG_WARN_INFINITE_RECURSION = YES;
				CLANG_WARN_INT_CONVERSION = YES;
				CLANG_WARN_NON_LITERAL_NULL_CONVERSION = YES;
				CLANG_WARN_OBJC_IMPLICIT_RETAIN_SELF = YES;
				CLANG_WARN_OBJC_LITERAL_CONVERSION = YES;
				CLANG_WARN_OBJC_ROOT_CLASS = YES_ERROR;
				CLANG_WARN_QUOTED_INCLUDE_IN_FRAMEWORK_HEADER = YES;
				CLANG_WARN_RANGE_LOOP_ANALYSIS = YES;
				CLANG_WARN_STRICT_PROTOTYPES = YES;
				CLANG_WARN_SUSPICIOUS_MOVE = YES;
				CLANG_WARN_UNGUARDED_AVAILABILITY = YES_AGGRESSIVE;
				CLANG_WARN_UNREACHABLE_CODE = YES;
				CLANG_WARN__DUPLICATE_METHOD_MATCH = YES;
				COPY_PHASE_STRIP = NO;
				DEBUG_INFORMATION_FORMAT = "dwarf-with-dsym";
				ENABLE_NS_ASSERTIONS = NO;
				ENABLE_STRICT_OBJC_MSGSEND = YES;
				GCC_C_LANGUAGE_STANDARD = gnu11;
				GCC_NO_COMMON_BLOCKS = YES;
				GCC_WARN_64_TO_32_BIT_CONVERSION = YES;
				GCC_WARN_ABOUT_RETURN_TYPE = YES_ERROR;
				GCC_WARN_UNDECLARED_SELECTOR = YES;
				GCC_WARN_UNINITIALIZED_AUTOS = YES_AGGRESSIVE;
				GCC_WARN_UNUSED_FUNCTION = YES;
				GCC_WARN_UNUSED_VARIABLE = YES;
				IPHONEOS_DEPLOYMENT_TARGET = 13.6;
				MTL_ENABLE_DEBUG_INFO = NO;
				MTL_FAST_MATH = YES;
				SDKROOT = iphoneos;
				SWIFT_COMPILATION_MODE = wholemodule;
				SWIFT_OPTIMIZATION_LEVEL = "-O";
				VALIDATE_PRODUCT = YES;
			};
			name = Release;
		};
		52A0B26E24EB5E570081627C /* Debug */ = {
			isa = XCBuildConfiguration;
			buildSettings = {
				ASSETCATALOG_COMPILER_APPICON_NAME = AppIcon;
				CODE_SIGN_STYLE = Automatic;
				DEVELOPMENT_TEAM = 77F3V7ZPZG;
				INFOPLIST_FILE = "Onde Estou/Info.plist";
				LD_RUNPATH_SEARCH_PATHS = (
					"$(inherited)",
					"@executable_path/Frameworks",
				);
				PRODUCT_BUNDLE_IDENTIFIER = "br.com.mleslie.Onde-Estou";
				PRODUCT_NAME = "$(TARGET_NAME)";
				SWIFT_VERSION = 5.0;
				TARGETED_DEVICE_FAMILY = "1,2";
			};
			name = Debug;
		};
		52A0B26F24EB5E570081627C /* Release */ = {
			isa = XCBuildConfiguration;
			buildSettings = {
				ASSETCATALOG_COMPILER_APPICON_NAME = AppIcon;
				CODE_SIGN_STYLE = Automatic;
				DEVELOPMENT_TEAM = 77F3V7ZPZG;
				INFOPLIST_FILE = "Onde Estou/Info.plist";
				LD_RUNPATH_SEARCH_PATHS = (
					"$(inherited)",
					"@executable_path/Frameworks",
				);
				PRODUCT_BUNDLE_IDENTIFIER = "br.com.mleslie.Onde-Estou";
				PRODUCT_NAME = "$(TARGET_NAME)";
				SWIFT_VERSION = 5.0;
				TARGETED_DEVICE_FAMILY = "1,2";
			};
			name = Release;
		};
/* End XCBuildConfiguration section */

/* Begin XCConfigurationList section */
		52A0B25424EB5E4F0081627C /* Build configuration list for PBXProject "Onde Estou" */ = {
			isa = XCConfigurationList;
			buildConfigurations = (
				52A0B26B24EB5E570081627C /* Debug */,
				52A0B26C24EB5E570081627C /* Release */,
			);
			defaultConfigurationIsVisible = 0;
			defaultConfigurationName = Release;
		};
		52A0B26D24EB5E570081627C /* Build configuration list for PBXNativeTarget "Onde Estou" */ = {
			isa = XCConfigurationList;
			buildConfigurations = (
				52A0B26E24EB5E570081627C /* Debug */,
				52A0B26F24EB5E570081627C /* Release */,
			);
			defaultConfigurationIsVisible = 0;
			defaultConfigurationName = Release;
		};
/* End XCConfigurationList section */
	};
	rootObject = 52A0B25124EB5E4F0081627C /* Project object */;
}
