// !$*UTF8*$!
{
	archiveVersion = 1;
	classes = {
	};
	objectVersion = 50;
	objects = {

/* Begin PBXBuildFile section */
		5220A1AB2580605A00AFD358 /* AppDelegate.swift in Sources */ = {isa = PBXBuildFile; fileRef = 5220A1AA2580605A00AFD358 /* AppDelegate.swift */; };
		5220A1AD2580605A00AFD358 /* SceneDelegate.swift in Sources */ = {isa = PBXBuildFile; fileRef = 5220A1AC2580605A00AFD358 /* SceneDelegate.swift */; };
		5220A1AF2580605A00AFD358 /* ViewController.swift in Sources */ = {isa = PBXBuildFile; fileRef = 5220A1AE2580605A00AFD358 /* ViewController.swift */; };
		5220A1B22580605A00AFD358 /* Main.storyboard in Resources */ = {isa = PBXBuildFile; fileRef = 5220A1B02580605A00AFD358 /* Main.storyboard */; };
		5220A1B42580605B00AFD358 /* Assets.xcassets in Resources */ = {isa = PBXBuildFile; fileRef = 5220A1B32580605B00AFD358 /* Assets.xcassets */; };
		5220A1B72580605B00AFD358 /* LaunchScreen.storyboard in Resources */ = {isa = PBXBuildFile; fileRef = 5220A1B52580605B00AFD358 /* LaunchScreen.storyboard */; };
		5220A1C0258061C800AFD358 /* GoogleService-Info.plist in Resources */ = {isa = PBXBuildFile; fileRef = 5220A1BF258061C800AFD358 /* GoogleService-Info.plist */; };
		D9BDF5EB5EFF3A407B3BA463 /* Pods_FirebaseConfiguracao.framework in Frameworks */ = {isa = PBXBuildFile; fileRef = 987CAE766A2D14395BB30FAA /* Pods_FirebaseConfiguracao.framework */; };
/* End PBXBuildFile section */

/* Begin PBXFileReference section */
		4FBFCAB30141C87590495E3D /* Pods-FirebaseConfiguracao.debug.xcconfig */ = {isa = PBXFileReference; includeInIndex = 1; lastKnownFileType = text.xcconfig; name = "Pods-FirebaseConfiguracao.debug.xcconfig"; path = "Target Support Files/Pods-FirebaseConfiguracao/Pods-FirebaseConfiguracao.debug.xcconfig"; sourceTree = "<group>"; };
		5220A1A72580605A00AFD358 /* FirebaseConfiguracao.app */ = {isa = PBXFileReference; explicitFileType = wrapper.application; includeInIndex = 0; path = FirebaseConfiguracao.app; sourceTree = BUILT_PRODUCTS_DIR; };
		5220A1AA2580605A00AFD358 /* AppDelegate.swift */ = {isa = PBXFileReference; lastKnownFileType = sourcecode.swift; path = AppDelegate.swift; sourceTree = "<group>"; };
		5220A1AC2580605A00AFD358 /* SceneDelegate.swift */ = {isa = PBXFileReference; lastKnownFileType = sourcecode.swift; path = SceneDelegate.swift; sourceTree = "<group>"; };
		5220A1AE2580605A00AFD358 /* ViewController.swift */ = {isa = PBXFileReference; lastKnownFileType = sourcecode.swift; path = ViewController.swift; sourceTree = "<group>"; };
		5220A1B12580605A00AFD358 /* Base */ = {isa = PBXFileReference; lastKnownFileType = file.storyboard; name = Base; path = Base.lproj/Main.storyboard; sourceTree = "<group>"; };
		5220A1B32580605B00AFD358 /* Assets.xcassets */ = {isa = PBXFileReference; lastKnownFileType = folder.assetcatalog; path = Assets.xcassets; sourceTree = "<group>"; };
		5220A1B62580605B00AFD358 /* Base */ = {isa = PBXFileReference; lastKnownFileType = file.storyboard; name = Base; path = Base.lproj/LaunchScreen.storyboard; sourceTree = "<group>"; };
		5220A1B82580605B00AFD358 /* Info.plist */ = {isa = PBXFileReference; lastKnownFileType = text.plist.xml; path = Info.plist; sourceTree = "<group>"; };
		5220A1BF258061C800AFD358 /* GoogleService-Info.plist */ = {isa = PBXFileReference; fileEncoding = 4; lastKnownFileType = text.plist.xml; path = "GoogleService-Info.plist"; sourceTree = "<group>"; };
		5351D65E5BF2E6992AAD11CE /* Pods-FirebaseConfiguracao.release.xcconfig */ = {isa = PBXFileReference; includeInIndex = 1; lastKnownFileType = text.xcconfig; name = "Pods-FirebaseConfiguracao.release.xcconfig"; path = "Target Support Files/Pods-FirebaseConfiguracao/Pods-FirebaseConfiguracao.release.xcconfig"; sourceTree = "<group>"; };
		987CAE766A2D14395BB30FAA /* Pods_FirebaseConfiguracao.framework */ = {isa = PBXFileReference; explicitFileType = wrapper.framework; includeInIndex = 0; path = Pods_FirebaseConfiguracao.framework; sourceTree = BUILT_PRODUCTS_DIR; };
/* End PBXFileReference section */

/* Begin PBXFrameworksBuildPhase section */
		5220A1A42580605A00AFD358 /* Frameworks */ = {
			isa = PBXFrameworksBuildPhase;
			buildActionMask = 2147483647;
			files = (
				D9BDF5EB5EFF3A407B3BA463 /* Pods_FirebaseConfiguracao.framework in Frameworks */,
			);
			runOnlyForDeploymentPostprocessing = 0;
		};
/* End PBXFrameworksBuildPhase section */

/* Begin PBXGroup section */
		2651F7E300250C18BA40C5B1 /* Pods */ = {
			isa = PBXGroup;
			children = (
				4FBFCAB30141C87590495E3D /* Pods-FirebaseConfiguracao.debug.xcconfig */,
				5351D65E5BF2E6992AAD11CE /* Pods-FirebaseConfiguracao.release.xcconfig */,
			);
			name = Pods;
			path = Pods;
			sourceTree = "<group>";
		};
		5220A19E2580605A00AFD358 = {
			isa = PBXGroup;
			children = (
				5220A1A92580605A00AFD358 /* FirebaseConfiguracao */,
				5220A1A82580605A00AFD358 /* Products */,
				2651F7E300250C18BA40C5B1 /* Pods */,
				A3DDFD3CAD81834394E8AFA0 /* Frameworks */,
			);
			sourceTree = "<group>";
		};
		5220A1A82580605A00AFD358 /* Products */ = {
			isa = PBXGroup;
			children = (
				5220A1A72580605A00AFD358 /* FirebaseConfiguracao.app */,
			);
			name = Products;
			sourceTree = "<group>";
		};
		5220A1A92580605A00AFD358 /* FirebaseConfiguracao */ = {
			isa = PBXGroup;
			children = (
				5220A1AA2580605A00AFD358 /* AppDelegate.swift */,
				5220A1AC2580605A00AFD358 /* SceneDelegate.swift */,
				5220A1AE2580605A00AFD358 /* ViewController.swift */,
				5220A1B02580605A00AFD358 /* Main.storyboard */,
				5220A1B32580605B00AFD358 /* Assets.xcassets */,
				5220A1B52580605B00AFD358 /* LaunchScreen.storyboard */,
				5220A1B82580605B00AFD358 /* Info.plist */,
				5220A1BF258061C800AFD358 /* GoogleService-Info.plist */,
			);
			path = FirebaseConfiguracao;
			sourceTree = "<group>";
		};
		A3DDFD3CAD81834394E8AFA0 /* Frameworks */ = {
			isa = PBXGroup;
			children = (
				987CAE766A2D14395BB30FAA /* Pods_FirebaseConfiguracao.framework */,
			);
			name = Frameworks;
			sourceTree = "<group>";
		};
/* End PBXGroup section */

/* Begin PBXNativeTarget section */
		5220A1A62580605A00AFD358 /* FirebaseConfiguracao */ = {
			isa = PBXNativeTarget;
			buildConfigurationList = 5220A1BB2580605B00AFD358 /* Build configuration list for PBXNativeTarget "FirebaseConfiguracao" */;
			buildPhases = (
				9AC1E5DD0187B2009387EC6F /* [CP] Check Pods Manifest.lock */,
				5220A1A32580605A00AFD358 /* Sources */,
				5220A1A42580605A00AFD358 /* Frameworks */,
				5220A1A52580605A00AFD358 /* Resources */,
				F566DC598D7C8369D76DA4C2 /* [CP] Embed Pods Frameworks */,
			);
			buildRules = (
			);
			dependencies = (
			);
			name = FirebaseConfiguracao;
			productName = FirebaseConfiguracao;
			productReference = 5220A1A72580605A00AFD358 /* FirebaseConfiguracao.app */;
			productType = "com.apple.product-type.application";
		};
/* End PBXNativeTarget section */

/* Begin PBXProject section */
		5220A19F2580605A00AFD358 /* Project object */ = {
			isa = PBXProject;
			attributes = {
				LastSwiftUpdateCheck = 1220;
				LastUpgradeCheck = 1220;
				TargetAttributes = {
					5220A1A62580605A00AFD358 = {
						CreatedOnToolsVersion = 12.2;
					};
				};
			};
			buildConfigurationList = 5220A1A22580605A00AFD358 /* Build configuration list for PBXProject "FirebaseConfiguracao" */;
			compatibilityVersion = "Xcode 9.3";
			developmentRegion = en;
			hasScannedForEncodings = 0;
			knownRegions = (
				en,
				Base,
			);
			mainGroup = 5220A19E2580605A00AFD358;
			productRefGroup = 5220A1A82580605A00AFD358 /* Products */;
			projectDirPath = "";
			projectRoot = "";
			targets = (
				5220A1A62580605A00AFD358 /* FirebaseConfiguracao */,
			);
		};
/* End PBXProject section */

/* Begin PBXResourcesBuildPhase section */
		5220A1A52580605A00AFD358 /* Resources */ = {
			isa = PBXResourcesBuildPhase;
			buildActionMask = 2147483647;
			files = (
				5220A1B72580605B00AFD358 /* LaunchScreen.storyboard in Resources */,
				5220A1C0258061C800AFD358 /* GoogleService-Info.plist in Resources */,
				5220A1B42580605B00AFD358 /* Assets.xcassets in Resources */,
				5220A1B22580605A00AFD358 /* Main.storyboard in Resources */,
			);
			runOnlyForDeploymentPostprocessing = 0;
		};
/* End PBXResourcesBuildPhase section */

/* Begin PBXShellScriptBuildPhase section */
		9AC1E5DD0187B2009387EC6F /* [CP] Check Pods Manifest.lock */ = {
			isa = PBXShellScriptBuildPhase;
			buildActionMask = 2147483647;
			files = (
			);
			inputFileListPaths = (
			);
			inputPaths = (
				"${PODS_PODFILE_DIR_PATH}/Podfile.lock",
				"${PODS_ROOT}/Manifest.lock",
			);
			name = "[CP] Check Pods Manifest.lock";
			outputFileListPaths = (
			);
			outputPaths = (
				"$(DERIVED_FILE_DIR)/Pods-FirebaseConfiguracao-checkManifestLockResult.txt",
			);
			runOnlyForDeploymentPostprocessing = 0;
			shellPath = /bin/sh;
			shellScript = "diff \"${PODS_PODFILE_DIR_PATH}/Podfile.lock\" \"${PODS_ROOT}/Manifest.lock\" > /dev/null\nif [ $? != 0 ] ; then\n    # print error to STDERR\n    echo \"error: The sandbox is not in sync with the Podfile.lock. Run 'pod install' or update your CocoaPods installation.\" >&2\n    exit 1\nfi\n# This output is used by Xcode 'outputs' to avoid re-running this script phase.\necho \"SUCCESS\" > \"${SCRIPT_OUTPUT_FILE_0}\"\n";
			showEnvVarsInLog = 0;
		};
		F566DC598D7C8369D76DA4C2 /* [CP] Embed Pods Frameworks */ = {
			isa = PBXShellScriptBuildPhase;
			buildActionMask = 2147483647;
			files = (
			);
			inputFileListPaths = (
				"${PODS_ROOT}/Target Support Files/Pods-FirebaseConfiguracao/Pods-FirebaseConfiguracao-frameworks-${CONFIGURATION}-input-files.xcfilelist",
			);
			name = "[CP] Embed Pods Frameworks";
			outputFileListPaths = (
				"${PODS_ROOT}/Target Support Files/Pods-FirebaseConfiguracao/Pods-FirebaseConfiguracao-frameworks-${CONFIGURATION}-output-files.xcfilelist",
			);
			runOnlyForDeploymentPostprocessing = 0;
			shellPath = /bin/sh;
			shellScript = "\"${PODS_ROOT}/Target Support Files/Pods-FirebaseConfiguracao/Pods-FirebaseConfiguracao-frameworks.sh\"\n";
			showEnvVarsInLog = 0;
		};
/* End PBXShellScriptBuildPhase section */

/* Begin PBXSourcesBuildPhase section */
		5220A1A32580605A00AFD358 /* Sources */ = {
			isa = PBXSourcesBuildPhase;
			buildActionMask = 2147483647;
			files = (
				5220A1AF2580605A00AFD358 /* ViewController.swift in Sources */,
				5220A1AB2580605A00AFD358 /* AppDelegate.swift in Sources */,
				5220A1AD2580605A00AFD358 /* SceneDelegate.swift in Sources */,
			);
			runOnlyForDeploymentPostprocessing = 0;
		};
/* End PBXSourcesBuildPhase section */

/* Begin PBXVariantGroup section */
		5220A1B02580605A00AFD358 /* Main.storyboard */ = {
			isa = PBXVariantGroup;
			children = (
				5220A1B12580605A00AFD358 /* Base */,
			);
			name = Main.storyboard;
			sourceTree = "<group>";
		};
		5220A1B52580605B00AFD358 /* LaunchScreen.storyboard */ = {
			isa = PBXVariantGroup;
			children = (
				5220A1B62580605B00AFD358 /* Base */,
			);
			name = LaunchScreen.storyboard;
			sourceTree = "<group>";
		};
/* End PBXVariantGroup section */

/* Begin XCBuildConfiguration section */
		5220A1B92580605B00AFD358 /* Debug */ = {
			isa = XCBuildConfiguration;
			buildSettings = {
				ALWAYS_SEARCH_USER_PATHS = NO;
				CLANG_ANALYZER_NONNULL = YES;
				CLANG_ANALYZER_NUMBER_OBJECT_CONVERSION = YES_AGGRESSIVE;
				CLANG_CXX_LANGUAGE_STANDARD = "gnu++14";
				CLANG_CXX_LIBRARY = "libc++";
				CLANG_ENABLE_MODULES = YES;
				CLANG_ENABLE_OBJC_ARC = YES;
				CLANG_ENABLE_OBJC_WEAK = YES;
				CLANG_WARN_BLOCK_CAPTURE_AUTORELEASING = YES;
				CLANG_WARN_BOOL_CONVERSION = YES;
				CLANG_WARN_COMMA = YES;
				CLANG_WARN_CONSTANT_CONVERSION = YES;
				CLANG_WARN_DEPRECATED_OBJC_IMPLEMENTATIONS = YES;
				CLANG_WARN_DIRECT_OBJC_ISA_USAGE = YES_ERROR;
				CLANG_WARN_DOCUMENTATION_COMMENTS = YES;
				CLANG_WARN_EMPTY_BODY = YES;
				CLANG_WARN_ENUM_CONVERSION = YES;
				CLANG_WARN_INFINITE_RECURSION = YES;
				CLANG_WARN_INT_CONVERSION = YES;
				CLANG_WARN_NON_LITERAL_NULL_CONVERSION = YES;
				CLANG_WARN_OBJC_IMPLICIT_RETAIN_SELF = YES;
				CLANG_WARN_OBJC_LITERAL_CONVERSION = YES;
				CLANG_WARN_OBJC_ROOT_CLASS = YES_ERROR;
				CLANG_WARN_QUOTED_INCLUDE_IN_FRAMEWORK_HEADER = YES;
				CLANG_WARN_RANGE_LOOP_ANALYSIS = YES;
				CLANG_WARN_STRICT_PROTOTYPES = YES;
				CLANG_WARN_SUSPICIOUS_MOVE = YES;
				CLANG_WARN_UNGUARDED_AVAILABILITY = YES_AGGRESSIVE;
				CLANG_WARN_UNREACHABLE_CODE = YES;
				CLANG_WARN__DUPLICATE_METHOD_MATCH = YES;
				COPY_PHASE_STRIP = NO;
				DEBUG_INFORMATION_FORMAT = dwarf;
				ENABLE_STRICT_OBJC_MSGSEND = YES;
				ENABLE_TESTABILITY = YES;
				GCC_C_LANGUAGE_STANDARD = gnu11;
				GCC_DYNAMIC_NO_PIC = NO;
				GCC_NO_COMMON_BLOCKS = YES;
				GCC_OPTIMIZATION_LEVEL = 0;
				GCC_PREPROCESSOR_DEFINITIONS = (
					"DEBUG=1",
					"$(inherited)",
				);
				GCC_WARN_64_TO_32_BIT_CONVERSION = YES;
				GCC_WARN_ABOUT_RETURN_TYPE = YES_ERROR;
				GCC_WARN_UNDECLARED_SELECTOR = YES;
				GCC_WARN_UNINITIALIZED_AUTOS = YES_AGGRESSIVE;
				GCC_WARN_UNUSED_FUNCTION = YES;
				GCC_WARN_UNUSED_VARIABLE = YES;
				IPHONEOS_DEPLOYMENT_TARGET = 14.2;
				MTL_ENABLE_DEBUG_INFO = INCLUDE_SOURCE;
				MTL_FAST_MATH = YES;
				ONLY_ACTIVE_ARCH = YES;
				SDKROOT = iphoneos;
				SWIFT_ACTIVE_COMPILATION_CONDITIONS = DEBUG;
				SWIFT_OPTIMIZATION_LEVEL = "-Onone";
			};
			name = Debug;
		};
		5220A1BA2580605B00AFD358 /* Release */ = {
			isa = XCBuildConfiguration;
			buildSettings = {
				ALWAYS_SEARCH_USER_PATHS = NO;
				CLANG_ANALYZER_NONNULL = YES;
				CLANG_ANALYZER_NUMBER_OBJECT_CONVERSION = YES_AGGRESSIVE;
				CLANG_CXX_LANGUAGE_STANDARD = "gnu++14";
				CLANG_CXX_LIBRARY = "libc++";
				CLANG_ENABLE_MODULES = YES;
				CLANG_ENABLE_OBJC_ARC = YES;
				CLANG_ENABLE_OBJC_WEAK = YES;
				CLANG_WARN_BLOCK_CAPTURE_AUTORELEASING = YES;
				CLANG_WARN_BOOL_CONVERSION = YES;
				CLANG_WARN_COMMA = YES;
				CLANG_WARN_CONSTANT_CONVERSION = YES;
				CLANG_WARN_DEPRECATED_OBJC_IMPLEMENTATIONS = YES;
				CLANG_WARN_DIRECT_OBJC_ISA_USAGE = YES_ERROR;
				CLANG_WARN_DOCUMENTATION_COMMENTS = YES;
				CLANG_WARN_EMPTY_BODY = YES;
				CLANG_WARN_ENUM_CONVERSION = YES;
				CLANG_WARN_INFINITE_RECURSION = YES;
				CLANG_WARN_INT_CONVERSION = YES;
				CLANG_WARN_NON_LITERAL_NULL_CONVERSION = YES;
				CLANG_WARN_OBJC_IMPLICIT_RETAIN_SELF = YES;
				CLANG_WARN_OBJC_LITERAL_CONVERSION = YES;
				CLANG_WARN_OBJC_ROOT_CLASS = YES_ERROR;
				CLANG_WARN_QUOTED_INCLUDE_IN_FRAMEWORK_HEADER = YES;
				CLANG_WARN_RANGE_LOOP_ANALYSIS = YES;
				CLANG_WARN_STRICT_PROTOTYPES = YES;
				CLANG_WARN_SUSPICIOUS_MOVE = YES;
				CLANG_WARN_UNGUARDED_AVAILABILITY = YES_AGGRESSIVE;
				CLANG_WARN_UNREACHABLE_CODE = YES;
				CLANG_WARN__DUPLICATE_METHOD_MATCH = YES;
				COPY_PHASE_STRIP = NO;
				DEBUG_INFORMATION_FORMAT = "dwarf-with-dsym";
				ENABLE_NS_ASSERTIONS = NO;
				ENABLE_STRICT_OBJC_MSGSEND = YES;
				GCC_C_LANGUAGE_STANDARD = gnu11;
				GCC_NO_COMMON_BLOCKS = YES;
				GCC_WARN_64_TO_32_BIT_CONVERSION = YES;
				GCC_WARN_ABOUT_RETURN_TYPE = YES_ERROR;
				GCC_WARN_UNDECLARED_SELECTOR = YES;
				GCC_WARN_UNINITIALIZED_AUTOS = YES_AGGRESSIVE;
				GCC_WARN_UNUSED_FUNCTION = YES;
				GCC_WARN_UNUSED_VARIABLE = YES;
				IPHONEOS_DEPLOYMENT_TARGET = 14.2;
				MTL_ENABLE_DEBUG_INFO = NO;
				MTL_FAST_MATH = YES;
				SDKROOT = iphoneos;
				SWIFT_COMPILATION_MODE = wholemodule;
				SWIFT_OPTIMIZATION_LEVEL = "-O";
				VALIDATE_PRODUCT = YES;
			};
			name = Release;
		};
		5220A1BC2580605B00AFD358 /* Debug */ = {
			isa = XCBuildConfiguration;
			baseConfigurationReference = 4FBFCAB30141C87590495E3D /* Pods-FirebaseConfiguracao.debug.xcconfig */;
			buildSettings = {
				ASSETCATALOG_COMPILER_APPICON_NAME = AppIcon;
				ASSETCATALOG_COMPILER_GLOBAL_ACCENT_COLOR_NAME = AccentColor;
				CODE_SIGN_STYLE = Automatic;
				DEVELOPMENT_TEAM = 77F3V7ZPZG;
				INFOPLIST_FILE = FirebaseConfiguracao/Info.plist;
				LD_RUNPATH_SEARCH_PATHS = (
					"$(inherited)",
					"@executable_path/Frameworks",
				);
				PRODUCT_BUNDLE_IDENTIFIER = br.com.mleslie.FirebaseConfiguracao;
				PRODUCT_NAME = "$(TARGET_NAME)";
				SWIFT_VERSION = 5.0;
				TARGETED_DEVICE_FAMILY = "1,2";
			};
			name = Debug;
		};
		5220A1BD2580605B00AFD358 /* Release */ = {
			isa = XCBuildConfiguration;
			baseConfigurationReference = 5351D65E5BF2E6992AAD11CE /* Pods-FirebaseConfiguracao.release.xcconfig */;
			buildSettings = {
				ASSETCATALOG_COMPILER_APPICON_NAME = AppIcon;
				ASSETCATALOG_COMPILER_GLOBAL_ACCENT_COLOR_NAME = AccentColor;
				CODE_SIGN_STYLE = Automatic;
				DEVELOPMENT_TEAM = 77F3V7ZPZG;
				INFOPLIST_FILE = FirebaseConfiguracao/Info.plist;
				LD_RUNPATH_SEARCH_PATHS = (
					"$(inherited)",
					"@executable_path/Frameworks",
				);
				PRODUCT_BUNDLE_IDENTIFIER = br.com.mleslie.FirebaseConfiguracao;
				PRODUCT_NAME = "$(TARGET_NAME)";
				SWIFT_VERSION = 5.0;
				TARGETED_DEVICE_FAMILY = "1,2";
			};
			name = Release;
		};
/* End XCBuildConfiguration section */

/* Begin XCConfigurationList section */
		5220A1A22580605A00AFD358 /* Build configuration list for PBXProject "FirebaseConfiguracao" */ = {
			isa = XCConfigurationList;
			buildConfigurations = (
				5220A1B92580605B00AFD358 /* Debug */,
				5220A1BA2580605B00AFD358 /* Release */,
			);
			defaultConfigurationIsVisible = 0;
			defaultConfigurationName = Release;
		};
		5220A1BB2580605B00AFD358 /* Build configuration list for PBXNativeTarget "FirebaseConfiguracao" */ = {
			isa = XCConfigurationList;
			buildConfigurations = (
				5220A1BC2580605B00AFD358 /* Debug */,
				5220A1BD2580605B00AFD358 /* Release */,
			);
			defaultConfigurationIsVisible = 0;
			defaultConfigurationName = Release;
		};
/* End XCConfigurationList section */
	};
	rootObject = 5220A19F2580605A00AFD358 /* Project object */;
}
