// !$*UTF8*$!
{
	archiveVersion = 1;
	classes = {
	};
	objectVersion = 50;
	objects = {

/* Begin PBXBuildFile section */
		520F21A5250B03F000760D93 /* AppDelegate.swift in Sources */ = {isa = PBXBuildFile; fileRef = 520F21A4250B03F000760D93 /* AppDelegate.swift */; };
		520F21A7250B03F000760D93 /* SceneDelegate.swift in Sources */ = {isa = PBXBuildFile; fileRef = 520F21A6250B03F000760D93 /* SceneDelegate.swift */; };
		520F21A9250B03F000760D93 /* ViewController.swift in Sources */ = {isa = PBXBuildFile; fileRef = 520F21A8250B03F000760D93 /* ViewController.swift */; };
		520F21AC250B03F000760D93 /* Main.storyboard in Resources */ = {isa = PBXBuildFile; fileRef = 520F21AA250B03F000760D93 /* Main.storyboard */; };
		520F21AF250B03F000760D93 /* PokemonGO.xcdatamodeld in Sources */ = {isa = PBXBuildFile; fileRef = 520F21AD250B03F000760D93 /* PokemonGO.xcdatamodeld */; };
		520F21B1250B03F900760D93 /* Assets.xcassets in Resources */ = {isa = PBXBuildFile; fileRef = 520F21B0250B03F900760D93 /* Assets.xcassets */; };
		520F21B4250B03F900760D93 /* LaunchScreen.storyboard in Resources */ = {isa = PBXBuildFile; fileRef = 520F21B2250B03F900760D93 /* LaunchScreen.storyboard */; };
		520F21BD250B047900760D93 /* MapKit.framework in Frameworks */ = {isa = PBXBuildFile; fileRef = 520F21BC250B047900760D93 /* MapKit.framework */; };
		520F21BF2512EB0800760D93 /* CoreDataPokemon.swift in Sources */ = {isa = PBXBuildFile; fileRef = 520F21BE2512EB0800760D93 /* CoreDataPokemon.swift */; };
		52A2E68F2512F44F00FFB60C /* PokemonAnotacao.swift in Sources */ = {isa = PBXBuildFile; fileRef = 52A2E68E2512F44F00FFB60C /* PokemonAnotacao.swift */; };
		52A2E6912512F8A500FFB60C /* PokeAgendaViewController.swift in Sources */ = {isa = PBXBuildFile; fileRef = 52A2E6902512F8A500FFB60C /* PokeAgendaViewController.swift */; };
/* End PBXBuildFile section */

/* Begin PBXFileReference section */
		520F21A1250B03F000760D93 /* Pokemon!.app */ = {isa = PBXFileReference; explicitFileType = wrapper.application; includeInIndex = 0; path = "Pokemon!.app"; sourceTree = BUILT_PRODUCTS_DIR; };
		520F21A4250B03F000760D93 /* AppDelegate.swift */ = {isa = PBXFileReference; lastKnownFileType = sourcecode.swift; path = AppDelegate.swift; sourceTree = "<group>"; };
		520F21A6250B03F000760D93 /* SceneDelegate.swift */ = {isa = PBXFileReference; lastKnownFileType = sourcecode.swift; path = SceneDelegate.swift; sourceTree = "<group>"; };
		520F21A8250B03F000760D93 /* ViewController.swift */ = {isa = PBXFileReference; lastKnownFileType = sourcecode.swift; path = ViewController.swift; sourceTree = "<group>"; };
		520F21AB250B03F000760D93 /* Base */ = {isa = PBXFileReference; lastKnownFileType = file.storyboard; name = Base; path = Base.lproj/Main.storyboard; sourceTree = "<group>"; };
		520F21AE250B03F000760D93 /* PokemonGO.xcdatamodel */ = {isa = PBXFileReference; lastKnownFileType = wrapper.xcdatamodel; path = PokemonGO.xcdatamodel; sourceTree = "<group>"; };
		520F21B0250B03F900760D93 /* Assets.xcassets */ = {isa = PBXFileReference; lastKnownFileType = folder.assetcatalog; path = Assets.xcassets; sourceTree = "<group>"; };
		520F21B3250B03F900760D93 /* Base */ = {isa = PBXFileReference; lastKnownFileType = file.storyboard; name = Base; path = Base.lproj/LaunchScreen.storyboard; sourceTree = "<group>"; };
		520F21B5250B03F900760D93 /* Info.plist */ = {isa = PBXFileReference; lastKnownFileType = text.plist.xml; path = Info.plist; sourceTree = "<group>"; };
		520F21BC250B047900760D93 /* MapKit.framework */ = {isa = PBXFileReference; lastKnownFileType = wrapper.framework; name = MapKit.framework; path = System/Library/Frameworks/MapKit.framework; sourceTree = SDKROOT; };
		520F21BE2512EB0800760D93 /* CoreDataPokemon.swift */ = {isa = PBXFileReference; lastKnownFileType = sourcecode.swift; path = CoreDataPokemon.swift; sourceTree = "<group>"; };
		52A2E68E2512F44F00FFB60C /* PokemonAnotacao.swift */ = {isa = PBXFileReference; lastKnownFileType = sourcecode.swift; path = PokemonAnotacao.swift; sourceTree = "<group>"; };
		52A2E6902512F8A500FFB60C /* PokeAgendaViewController.swift */ = {isa = PBXFileReference; lastKnownFileType = sourcecode.swift; path = PokeAgendaViewController.swift; sourceTree = "<group>"; };
/* End PBXFileReference section */

/* Begin PBXFrameworksBuildPhase section */
		520F219E250B03F000760D93 /* Frameworks */ = {
			isa = PBXFrameworksBuildPhase;
			buildActionMask = 2147483647;
			files = (
				520F21BD250B047900760D93 /* MapKit.framework in Frameworks */,
			);
			runOnlyForDeploymentPostprocessing = 0;
		};
/* End PBXFrameworksBuildPhase section */

/* Begin PBXGroup section */
		520F2198250B03EF00760D93 = {
			isa = PBXGroup;
			children = (
				520F21A3250B03F000760D93 /* PokemonGO */,
				520F21A2250B03F000760D93 /* Products */,
				520F21BB250B047900760D93 /* Frameworks */,
			);
			sourceTree = "<group>";
		};
		520F21A2250B03F000760D93 /* Products */ = {
			isa = PBXGroup;
			children = (
				520F21A1250B03F000760D93 /* Pokemon!.app */,
			);
			name = Products;
			sourceTree = "<group>";
		};
		520F21A3250B03F000760D93 /* PokemonGO */ = {
			isa = PBXGroup;
			children = (
				520F21A4250B03F000760D93 /* AppDelegate.swift */,
				520F21A6250B03F000760D93 /* SceneDelegate.swift */,
				520F21A8250B03F000760D93 /* ViewController.swift */,
				52A2E68E2512F44F00FFB60C /* PokemonAnotacao.swift */,
				52A2E6902512F8A500FFB60C /* PokeAgendaViewController.swift */,
				520F21BE2512EB0800760D93 /* CoreDataPokemon.swift */,
				520F21AA250B03F000760D93 /* Main.storyboard */,
				520F21B0250B03F900760D93 /* Assets.xcassets */,
				520F21B2250B03F900760D93 /* LaunchScreen.storyboard */,
				520F21B5250B03F900760D93 /* Info.plist */,
				520F21AD250B03F000760D93 /* PokemonGO.xcdatamodeld */,
			);
			path = PokemonGO;
			sourceTree = "<group>";
		};
		520F21BB250B047900760D93 /* Frameworks */ = {
			isa = PBXGroup;
			children = (
				520F21BC250B047900760D93 /* MapKit.framework */,
			);
			name = Frameworks;
			sourceTree = "<group>";
		};
/* End PBXGroup section */

/* Begin PBXNativeTarget section */
		520F21A0250B03F000760D93 /* PokemonGO */ = {
			isa = PBXNativeTarget;
			buildConfigurationList = 520F21B8250B03F900760D93 /* Build configuration list for PBXNativeTarget "PokemonGO" */;
			buildPhases = (
				520F219D250B03F000760D93 /* Sources */,
				520F219E250B03F000760D93 /* Frameworks */,
				520F219F250B03F000760D93 /* Resources */,
			);
			buildRules = (
			);
			dependencies = (
			);
			name = PokemonGO;
			productName = PokemonGO;
			productReference = 520F21A1250B03F000760D93 /* Pokemon!.app */;
			productType = "com.apple.product-type.application";
		};
/* End PBXNativeTarget section */

/* Begin PBXProject section */
		520F2199250B03EF00760D93 /* Project object */ = {
			isa = PBXProject;
			attributes = {
				LastSwiftUpdateCheck = 1160;
				LastUpgradeCheck = 1240;
				ORGANIZATIONNAME = "Milton Leslie";
				TargetAttributes = {
					520F21A0250B03F000760D93 = {
						CreatedOnToolsVersion = 11.6;
					};
				};
			};
			buildConfigurationList = 520F219C250B03F000760D93 /* Build configuration list for PBXProject "PokemonGO" */;
			compatibilityVersion = "Xcode 9.3";
			developmentRegion = en;
			hasScannedForEncodings = 0;
			knownRegions = (
				en,
				Base,
			);
			mainGroup = 520F2198250B03EF00760D93;
			productRefGroup = 520F21A2250B03F000760D93 /* Products */;
			projectDirPath = "";
			projectRoot = "";
			targets = (
				520F21A0250B03F000760D93 /* PokemonGO */,
			);
		};
/* End PBXProject section */

/* Begin PBXResourcesBuildPhase section */
		520F219F250B03F000760D93 /* Resources */ = {
			isa = PBXResourcesBuildPhase;
			buildActionMask = 2147483647;
			files = (
				520F21B4250B03F900760D93 /* LaunchScreen.storyboard in Resources */,
				520F21B1250B03F900760D93 /* Assets.xcassets in Resources */,
				520F21AC250B03F000760D93 /* Main.storyboard in Resources */,
			);
			runOnlyForDeploymentPostprocessing = 0;
		};
/* End PBXResourcesBuildPhase section */

/* Begin PBXSourcesBuildPhase section */
		520F219D250B03F000760D93 /* Sources */ = {
			isa = PBXSourcesBuildPhase;
			buildActionMask = 2147483647;
			files = (
				520F21A9250B03F000760D93 /* ViewController.swift in Sources */,
				520F21AF250B03F000760D93 /* PokemonGO.xcdatamodeld in Sources */,
				52A2E6912512F8A500FFB60C /* PokeAgendaViewController.swift in Sources */,
				520F21A5250B03F000760D93 /* AppDelegate.swift in Sources */,
				52A2E68F2512F44F00FFB60C /* PokemonAnotacao.swift in Sources */,
				520F21A7250B03F000760D93 /* SceneDelegate.swift in Sources */,
				520F21BF2512EB0800760D93 /* CoreDataPokemon.swift in Sources */,
			);
			runOnlyForDeploymentPostprocessing = 0;
		};
/* End PBXSourcesBuildPhase section */

/* Begin PBXVariantGroup section */
		520F21AA250B03F000760D93 /* Main.storyboard */ = {
			isa = PBXVariantGroup;
			children = (
				520F21AB250B03F000760D93 /* Base */,
			);
			name = Main.storyboard;
			sourceTree = "<group>";
		};
		520F21B2250B03F900760D93 /* LaunchScreen.storyboard */ = {
			isa = PBXVariantGroup;
			children = (
				520F21B3250B03F900760D93 /* Base */,
			);
			name = LaunchScreen.storyboard;
			sourceTree = "<group>";
		};
/* End PBXVariantGroup section */

/* Begin XCBuildConfiguration section */
		520F21B6250B03F900760D93 /* Debug */ = {
			isa = XCBuildConfiguration;
			buildSettings = {
				ALWAYS_SEARCH_USER_PATHS = NO;
				CLANG_ANALYZER_NONNULL = YES;
				CLANG_ANALYZER_NUMBER_OBJECT_CONVERSION = YES_AGGRESSIVE;
				CLANG_CXX_LANGUAGE_STANDARD = "gnu++14";
				CLANG_CXX_LIBRARY = "libc++";
				CLANG_ENABLE_MODULES = YES;
				CLANG_ENABLE_OBJC_ARC = YES;
				CLANG_ENABLE_OBJC_WEAK = YES;
				CLANG_WARN_BLOCK_CAPTURE_AUTORELEASING = YES;
				CLANG_WARN_BOOL_CONVERSION = YES;
				CLANG_WARN_COMMA = YES;
				CLANG_WARN_CONSTANT_CONVERSION = YES;
				CLANG_WARN_DEPRECATED_OBJC_IMPLEMENTATIONS = YES;
				CLANG_WARN_DIRECT_OBJC_ISA_USAGE = YES_ERROR;
				CLANG_WARN_DOCUMENTATION_COMMENTS = YES;
				CLANG_WARN_EMPTY_BODY = YES;
				CLANG_WARN_ENUM_CONVERSION = YES;
				CLANG_WARN_INFINITE_RECURSION = YES;
				CLANG_WARN_INT_CONVERSION = YES;
				CLANG_WARN_NON_LITERAL_NULL_CONVERSION = YES;
				CLANG_WARN_OBJC_IMPLICIT_RETAIN_SELF = YES;
				CLANG_WARN_OBJC_LITERAL_CONVERSION = YES;
				CLANG_WARN_OBJC_ROOT_CLASS = YES_ERROR;
				CLANG_WARN_QUOTED_INCLUDE_IN_FRAMEWORK_HEADER = YES;
				CLANG_WARN_RANGE_LOOP_ANALYSIS = YES;
				CLANG_WARN_STRICT_PROTOTYPES = YES;
				CLANG_WARN_SUSPICIOUS_MOVE = YES;
				CLANG_WARN_UNGUARDED_AVAILABILITY = YES_AGGRESSIVE;
				CLANG_WARN_UNREACHABLE_CODE = YES;
				CLANG_WARN__DUPLICATE_METHOD_MATCH = YES;
				COPY_PHASE_STRIP = NO;
				DEBUG_INFORMATION_FORMAT = dwarf;
				ENABLE_STRICT_OBJC_MSGSEND = YES;
				ENABLE_TESTABILITY = YES;
				GCC_C_LANGUAGE_STANDARD = gnu11;
				GCC_DYNAMIC_NO_PIC = NO;
				GCC_NO_COMMON_BLOCKS = YES;
				GCC_OPTIMIZATION_LEVEL = 0;
				GCC_PREPROCESSOR_DEFINITIONS = (
					"DEBUG=1",
					"$(inherited)",
				);
				GCC_WARN_64_TO_32_BIT_CONVERSION = YES;
				GCC_WARN_ABOUT_RETURN_TYPE = YES_ERROR;
				GCC_WARN_UNDECLARED_SELECTOR = YES;
				GCC_WARN_UNINITIALIZED_AUTOS = YES_AGGRESSIVE;
				GCC_WARN_UNUSED_FUNCTION = YES;
				GCC_WARN_UNUSED_VARIABLE = YES;
				IPHONEOS_DEPLOYMENT_TARGET = 13.6;
				MTL_ENABLE_DEBUG_INFO = INCLUDE_SOURCE;
				MTL_FAST_MATH = YES;
				ONLY_ACTIVE_ARCH = YES;
				SDKROOT = iphoneos;
				SWIFT_ACTIVE_COMPILATION_CONDITIONS = DEBUG;
				SWIFT_OPTIMIZATION_LEVEL = "-Onone";
			};
			name = Debug;
		};
		520F21B7250B03F900760D93 /* Release */ = {
			isa = XCBuildConfiguration;
			buildSettings = {
				ALWAYS_SEARCH_USER_PATHS = NO;
				CLANG_ANALYZER_NONNULL = YES;
				CLANG_ANALYZER_NUMBER_OBJECT_CONVERSION = YES_AGGRESSIVE;
				CLANG_CXX_LANGUAGE_STANDARD = "gnu++14";
				CLANG_CXX_LIBRARY = "libc++";
				CLANG_ENABLE_MODULES = YES;
				CLANG_ENABLE_OBJC_ARC = YES;
				CLANG_ENABLE_OBJC_WEAK = YES;
				CLANG_WARN_BLOCK_CAPTURE_AUTORELEASING = YES;
				CLANG_WARN_BOOL_CONVERSION = YES;
				CLANG_WARN_COMMA = YES;
				CLANG_WARN_CONSTANT_CONVERSION = YES;
				CLANG_WARN_DEPRECATED_OBJC_IMPLEMENTATIONS = YES;
				CLANG_WARN_DIRECT_OBJC_ISA_USAGE = YES_ERROR;
				CLANG_WARN_DOCUMENTATION_COMMENTS = YES;
				CLANG_WARN_EMPTY_BODY = YES;
				CLANG_WARN_ENUM_CONVERSION = YES;
				CLANG_WARN_INFINITE_RECURSION = YES;
				CLANG_WARN_INT_CONVERSION = YES;
				CLANG_WARN_NON_LITERAL_NULL_CONVERSION = YES;
				CLANG_WARN_OBJC_IMPLICIT_RETAIN_SELF = YES;
				CLANG_WARN_OBJC_LITERAL_CONVERSION = YES;
				CLANG_WARN_OBJC_ROOT_CLASS = YES_ERROR;
				CLANG_WARN_QUOTED_INCLUDE_IN_FRAMEWORK_HEADER = YES;
				CLANG_WARN_RANGE_LOOP_ANALYSIS = YES;
				CLANG_WARN_STRICT_PROTOTYPES = YES;
				CLANG_WARN_SUSPICIOUS_MOVE = YES;
				CLANG_WARN_UNGUARDED_AVAILABILITY = YES_AGGRESSIVE;
				CLANG_WARN_UNREACHABLE_CODE = YES;
				CLANG_WARN__DUPLICATE_METHOD_MATCH = YES;
				COPY_PHASE_STRIP = NO;
				DEBUG_INFORMATION_FORMAT = "dwarf-with-dsym";
				ENABLE_NS_ASSERTIONS = NO;
				ENABLE_STRICT_OBJC_MSGSEND = YES;
				GCC_C_LANGUAGE_STANDARD = gnu11;
				GCC_NO_COMMON_BLOCKS = YES;
				GCC_WARN_64_TO_32_BIT_CONVERSION = YES;
				GCC_WARN_ABOUT_RETURN_TYPE = YES_ERROR;
				GCC_WARN_UNDECLARED_SELECTOR = YES;
				GCC_WARN_UNINITIALIZED_AUTOS = YES_AGGRESSIVE;
				GCC_WARN_UNUSED_FUNCTION = YES;
				GCC_WARN_UNUSED_VARIABLE = YES;
				IPHONEOS_DEPLOYMENT_TARGET = 13.6;
				MTL_ENABLE_DEBUG_INFO = NO;
				MTL_FAST_MATH = YES;
				SDKROOT = iphoneos;
				SWIFT_COMPILATION_MODE = wholemodule;
				SWIFT_OPTIMIZATION_LEVEL = "-O";
				VALIDATE_PRODUCT = YES;
			};
			name = Release;
		};
		520F21B9250B03F900760D93 /* Debug */ = {
			isa = XCBuildConfiguration;
			buildSettings = {
				ASSETCATALOG_COMPILER_APPICON_NAME = AppIcon;
				CODE_SIGN_STYLE = Automatic;
				DEVELOPMENT_TEAM = 77F3V7ZPZG;
				INFOPLIST_FILE = PokemonGO/Info.plist;
				LD_RUNPATH_SEARCH_PATHS = (
					"$(inherited)",
					"@executable_path/Frameworks",
				);
				PRODUCT_BUNDLE_IDENTIFIER = br.com.mleslie.PokemonGO;
				PRODUCT_NAME = "Pokemon!";
				SWIFT_VERSION = 5.0;
				TARGETED_DEVICE_FAMILY = "1,2";
			};
			name = Debug;
		};
		520F21BA250B03F900760D93 /* Release */ = {
			isa = XCBuildConfiguration;
			buildSettings = {
				ASSETCATALOG_COMPILER_APPICON_NAME = AppIcon;
				CODE_SIGN_STYLE = Automatic;
				DEVELOPMENT_TEAM = 77F3V7ZPZG;
				INFOPLIST_FILE = PokemonGO/Info.plist;
				LD_RUNPATH_SEARCH_PATHS = (
					"$(inherited)",
					"@executable_path/Frameworks",
				);
				PRODUCT_BUNDLE_IDENTIFIER = br.com.mleslie.PokemonGO;
				PRODUCT_NAME = "Pokemon!";
				SWIFT_VERSION = 5.0;
				TARGETED_DEVICE_FAMILY = "1,2";
			};
			name = Release;
		};
/* End XCBuildConfiguration section */

/* Begin XCConfigurationList section */
		520F219C250B03F000760D93 /* Build configuration list for PBXProject "PokemonGO" */ = {
			isa = XCConfigurationList;
			buildConfigurations = (
				520F21B6250B03F900760D93 /* Debug */,
				520F21B7250B03F900760D93 /* Release */,
			);
			defaultConfigurationIsVisible = 0;
			defaultConfigurationName = Release;
		};
		520F21B8250B03F900760D93 /* Build configuration list for PBXNativeTarget "PokemonGO" */ = {
			isa = XCConfigurationList;
			buildConfigurations = (
				520F21B9250B03F900760D93 /* Debug */,
				520F21BA250B03F900760D93 /* Release */,
			);
			defaultConfigurationIsVisible = 0;
			defaultConfigurationName = Release;
		};
/* End XCConfigurationList section */

/* Begin XCVersionGroup section */
		520F21AD250B03F000760D93 /* PokemonGO.xcdatamodeld */ = {
			isa = XCVersionGroup;
			children = (
				520F21AE250B03F000760D93 /* PokemonGO.xcdatamodel */,
			);
			currentVersion = 520F21AE250B03F000760D93 /* PokemonGO.xcdatamodel */;
			path = PokemonGO.xcdatamodeld;
			sourceTree = "<group>";
			versionGroupType = wrapper.xcdatamodel;
		};
/* End XCVersionGroup section */
	};
	rootObject = 520F2199250B03EF00760D93 /* Project object */;
}
