// !$*UTF8*$!
{
	archiveVersion = 1;
	classes = {
	};
	objectVersion = 55;
	objects = {

/* Begin PBXBuildFile section */
		E159C631273C25840012116E /* Notification.swift in Sources */ = {isa = PBXBuildFile; fileRef = E159C630273C25830012116E /* Notification.swift */; };
		E159C633273C5BB80012116E /* NotificationCell.swift in Sources */ = {isa = PBXBuildFile; fileRef = E159C632273C5BB80012116E /* NotificationCell.swift */; };
		E1658317273A036C0020C1F2 /* ViewControllerApp.swift in Sources */ = {isa = PBXBuildFile; fileRef = E1658316273A036B0020C1F2 /* ViewControllerApp.swift */; };
		E1658319273B060B0020C1F2 /* Application.swift in Sources */ = {isa = PBXBuildFile; fileRef = E1658318273B060B0020C1F2 /* Application.swift */; };
		E165831B273B0C560020C1F2 /* ApplicationCell.swift in Sources */ = {isa = PBXBuildFile; fileRef = E165831A273B0C560020C1F2 /* ApplicationCell.swift */; };
		E165831D273C05050020C1F2 /* ViewControllerNotifications.swift in Sources */ = {isa = PBXBuildFile; fileRef = E165831C273C05050020C1F2 /* ViewControllerNotifications.swift */; };
		E188B389273981780018C8AB /* AppDelegate.swift in Sources */ = {isa = PBXBuildFile; fileRef = E188B388273981780018C8AB /* AppDelegate.swift */; };
		E188B38B273981780018C8AB /* SceneDelegate.swift in Sources */ = {isa = PBXBuildFile; fileRef = E188B38A273981780018C8AB /* SceneDelegate.swift */; };
		E188B38D273981780018C8AB /* ViewControllerLogin.swift in Sources */ = {isa = PBXBuildFile; fileRef = E188B38C273981780018C8AB /* ViewControllerLogin.swift */; };
		E188B390273981780018C8AB /* Main.storyboard in Resources */ = {isa = PBXBuildFile; fileRef = E188B38E273981780018C8AB /* Main.storyboard */; };
		E188B393273981780018C8AB /* GerApp.xcdatamodeld in Sources */ = {isa = PBXBuildFile; fileRef = E188B391273981780018C8AB /* GerApp.xcdatamodeld */; };
		E188B3982739817B0018C8AB /* LaunchScreen.storyboard in Resources */ = {isa = PBXBuildFile; fileRef = E188B3962739817B0018C8AB /* LaunchScreen.storyboard */; };
		E19F5A5C2752A57D00B38132 /* Assets.xcassets in Resources */ = {isa = PBXBuildFile; fileRef = E188B3942739817B0018C8AB /* Assets.xcassets */; };
/* End PBXBuildFile section */

/* Begin PBXFileReference section */
		E159C630273C25830012116E /* Notification.swift */ = {isa = PBXFileReference; lastKnownFileType = sourcecode.swift; path = Notification.swift; sourceTree = "<group>"; };
		E159C632273C5BB80012116E /* NotificationCell.swift */ = {isa = PBXFileReference; lastKnownFileType = sourcecode.swift; path = NotificationCell.swift; sourceTree = "<group>"; };
		E1658316273A036B0020C1F2 /* ViewControllerApp.swift */ = {isa = PBXFileReference; lastKnownFileType = sourcecode.swift; path = ViewControllerApp.swift; sourceTree = "<group>"; };
		E1658318273B060B0020C1F2 /* Application.swift */ = {isa = PBXFileReference; lastKnownFileType = sourcecode.swift; path = Application.swift; sourceTree = "<group>"; };
		E165831A273B0C560020C1F2 /* ApplicationCell.swift */ = {isa = PBXFileReference; lastKnownFileType = sourcecode.swift; path = ApplicationCell.swift; sourceTree = "<group>"; };
		E165831C273C05050020C1F2 /* ViewControllerNotifications.swift */ = {isa = PBXFileReference; lastKnownFileType = sourcecode.swift; path = ViewControllerNotifications.swift; sourceTree = "<group>"; };
		E17AF1872759B41B00631769 /* en */ = {isa = PBXFileReference; lastKnownFileType = text.plist.strings; name = en; path = en.lproj/Main.strings; sourceTree = "<group>"; };
		E188B385273981770018C8AB /* GerApp.app */ = {isa = PBXFileReference; explicitFileType = wrapper.application; includeInIndex = 0; path = GerApp.app; sourceTree = BUILT_PRODUCTS_DIR; };
		E188B388273981780018C8AB /* AppDelegate.swift */ = {isa = PBXFileReference; lastKnownFileType = sourcecode.swift; path = AppDelegate.swift; sourceTree = "<group>"; };
		E188B38A273981780018C8AB /* SceneDelegate.swift */ = {isa = PBXFileReference; lastKnownFileType = sourcecode.swift; path = SceneDelegate.swift; sourceTree = "<group>"; };
		E188B38C273981780018C8AB /* ViewControllerLogin.swift */ = {isa = PBXFileReference; lastKnownFileType = sourcecode.swift; path = ViewControllerLogin.swift; sourceTree = "<group>"; };
		E188B38F273981780018C8AB /* Base */ = {isa = PBXFileReference; lastKnownFileType = file.storyboard; name = Base; path = Base.lproj/Main.storyboard; sourceTree = "<group>"; };
		E188B392273981780018C8AB /* GerApp.xcdatamodel */ = {isa = PBXFileReference; lastKnownFileType = wrapper.xcdatamodel; path = GerApp.xcdatamodel; sourceTree = "<group>"; };
		E188B3942739817B0018C8AB /* Assets.xcassets */ = {isa = PBXFileReference; lastKnownFileType = folder.assetcatalog; name = Assets.xcassets; path = GerApp/Assets.xcassets; sourceTree = SOURCE_ROOT; };
		E188B3972739817B0018C8AB /* Base */ = {isa = PBXFileReference; lastKnownFileType = file.storyboard; name = Base; path = Base.lproj/LaunchScreen.storyboard; sourceTree = "<group>"; };
		E188B3992739817B0018C8AB /* Info.plist */ = {isa = PBXFileReference; lastKnownFileType = text.plist.xml; path = Info.plist; sourceTree = "<group>"; };
/* End PBXFileReference section */

/* Begin PBXFrameworksBuildPhase section */
		E188B382273981770018C8AB /* Frameworks */ = {
			isa = PBXFrameworksBuildPhase;
			buildActionMask = 2147483647;
			files = (
			);
			runOnlyForDeploymentPostprocessing = 0;
		};
/* End PBXFrameworksBuildPhase section */

/* Begin PBXGroup section */
		E188B37C273981770018C8AB = {
			isa = PBXGroup;
			children = (
				E188B387273981770018C8AB /* GerApp */,
				E188B386273981770018C8AB /* Products */,
			);
			sourceTree = "<group>";
		};
		E188B386273981770018C8AB /* Products */ = {
			isa = PBXGroup;
			children = (
				E188B385273981770018C8AB /* GerApp.app */,
			);
			name = Products;
			sourceTree = "<group>";
		};
		E188B387273981770018C8AB /* GerApp */ = {
			isa = PBXGroup;
			children = (
				E188B388273981780018C8AB /* AppDelegate.swift */,
				E188B38A273981780018C8AB /* SceneDelegate.swift */,
				E188B39F2739AB000018C8AB /* Model */,
				E188B3A12739AB1B0018C8AB /* View */,
				E188B3A02739AB0D0018C8AB /* Controller */,
				E188B3A22739AB610018C8AB /* API */,
				E188B3A32739AB780018C8AB /* Utils */,
				E188B3942739817B0018C8AB /* Assets.xcassets */,
				E188B3962739817B0018C8AB /* LaunchScreen.storyboard */,
				E188B3992739817B0018C8AB /* Info.plist */,
				E188B391273981780018C8AB /* GerApp.xcdatamodeld */,
			);
			path = GerApp;
			sourceTree = "<group>";
		};
		E188B39F2739AB000018C8AB /* Model */ = {
			isa = PBXGroup;
			children = (
				E1658318273B060B0020C1F2 /* Application.swift */,
				E165831A273B0C560020C1F2 /* ApplicationCell.swift */,
				E159C630273C25830012116E /* Notification.swift */,
				E159C632273C5BB80012116E /* NotificationCell.swift */,
			);
			path = Model;
			sourceTree = "<group>";
		};
		E188B3A02739AB0D0018C8AB /* Controller */ = {
			isa = PBXGroup;
			children = (
				E188B38C273981780018C8AB /* ViewControllerLogin.swift */,
				E1658316273A036B0020C1F2 /* ViewControllerApp.swift */,
				E165831C273C05050020C1F2 /* ViewControllerNotifications.swift */,
			);
			path = Controller;
			sourceTree = "<group>";
		};
		E188B3A12739AB1B0018C8AB /* View */ = {
			isa = PBXGroup;
			children = (
				E188B38E273981780018C8AB /* Main.storyboard */,
			);
			path = View;
			sourceTree = "<group>";
		};
		E188B3A22739AB610018C8AB /* API */ = {
			isa = PBXGroup;
			children = (
			);
			path = API;
			sourceTree = "<group>";
		};
		E188B3A32739AB780018C8AB /* Utils */ = {
			isa = PBXGroup;
			children = (
			);
			path = Utils;
			sourceTree = "<group>";
		};
/* End PBXGroup section */

/* Begin PBXNativeTarget section */
		E188B384273981770018C8AB /* GerApp */ = {
			isa = PBXNativeTarget;
			buildConfigurationList = E188B39C2739817B0018C8AB /* Build configuration list for PBXNativeTarget "GerApp" */;
			buildPhases = (
				E188B381273981770018C8AB /* Sources */,
				E188B382273981770018C8AB /* Frameworks */,
				E188B383273981770018C8AB /* Resources */,
			);
			buildRules = (
			);
			dependencies = (
			);
			name = GerApp;
			productName = GerApp;
			productReference = E188B385273981770018C8AB /* GerApp.app */;
			productType = "com.apple.product-type.application";
		};
/* End PBXNativeTarget section */

/* Begin PBXProject section */
		E188B37D273981770018C8AB /* Project object */ = {
			isa = PBXProject;
			attributes = {
				BuildIndependentTargetsInParallel = 1;
				LastSwiftUpdateCheck = 1310;
				LastUpgradeCheck = 1310;
				TargetAttributes = {
					E188B384273981770018C8AB = {
						CreatedOnToolsVersion = 13.1;
					};
				};
			};
			buildConfigurationList = E188B380273981770018C8AB /* Build configuration list for PBXProject "GerApp" */;
			compatibilityVersion = "Xcode 13.0";
			developmentRegion = en;
			hasScannedForEncodings = 0;
			knownRegions = (
				en,
				Base,
			);
			mainGroup = E188B37C273981770018C8AB;
			productRefGroup = E188B386273981770018C8AB /* Products */;
			projectDirPath = "";
			projectRoot = "";
			targets = (
				E188B384273981770018C8AB /* GerApp */,
			);
		};
/* End PBXProject section */

/* Begin PBXResourcesBuildPhase section */
		E188B383273981770018C8AB /* Resources */ = {
			isa = PBXResourcesBuildPhase;
			buildActionMask = 2147483647;
			files = (
				E188B3982739817B0018C8AB /* LaunchScreen.storyboard in Resources */,
				E19F5A5C2752A57D00B38132 /* Assets.xcassets in Resources */,
				E188B390273981780018C8AB /* Main.storyboard in Resources */,
			);
			runOnlyForDeploymentPostprocessing = 0;
		};
/* End PBXResourcesBuildPhase section */

/* Begin PBXSourcesBuildPhase section */
		E188B381273981770018C8AB /* Sources */ = {
			isa = PBXSourcesBuildPhase;
			buildActionMask = 2147483647;
			files = (
				E1658319273B060B0020C1F2 /* Application.swift in Sources */,
				E188B38D273981780018C8AB /* ViewControllerLogin.swift in Sources */,
				E159C631273C25840012116E /* Notification.swift in Sources */,
				E188B389273981780018C8AB /* AppDelegate.swift in Sources */,
				E188B393273981780018C8AB /* GerApp.xcdatamodeld in Sources */,
				E1658317273A036C0020C1F2 /* ViewControllerApp.swift in Sources */,
				E188B38B273981780018C8AB /* SceneDelegate.swift in Sources */,
				E165831B273B0C560020C1F2 /* ApplicationCell.swift in Sources */,
				E159C633273C5BB80012116E /* NotificationCell.swift in Sources */,
				E165831D273C05050020C1F2 /* ViewControllerNotifications.swift in Sources */,
			);
			runOnlyForDeploymentPostprocessing = 0;
		};
/* End PBXSourcesBuildPhase section */

/* Begin PBXVariantGroup section */
		E188B38E273981780018C8AB /* Main.storyboard */ = {
			isa = PBXVariantGroup;
			children = (
				E188B38F273981780018C8AB /* Base */,
				E17AF1872759B41B00631769 /* en */,
			);
			name = Main.storyboard;
			sourceTree = "<group>";
		};
		E188B3962739817B0018C8AB /* LaunchScreen.storyboard */ = {
			isa = PBXVariantGroup;
			children = (
				E188B3972739817B0018C8AB /* Base */,
			);
			name = LaunchScreen.storyboard;
			sourceTree = "<group>";
		};
/* End PBXVariantGroup section */

/* Begin XCBuildConfiguration section */
		E188B39A2739817B0018C8AB /* Debug */ = {
			isa = XCBuildConfiguration;
			buildSettings = {
				ALWAYS_SEARCH_USER_PATHS = NO;
				CLANG_ANALYZER_NONNULL = YES;
				CLANG_ANALYZER_NUMBER_OBJECT_CONVERSION = YES_AGGRESSIVE;
				CLANG_CXX_LANGUAGE_STANDARD = "gnu++17";
				CLANG_CXX_LIBRARY = "libc++";
				CLANG_ENABLE_MODULES = YES;
				CLANG_ENABLE_OBJC_ARC = YES;
				CLANG_ENABLE_OBJC_WEAK = YES;
				CLANG_WARN_BLOCK_CAPTURE_AUTORELEASING = YES;
				CLANG_WARN_BOOL_CONVERSION = YES;
				CLANG_WARN_COMMA = YES;
				CLANG_WARN_CONSTANT_CONVERSION = YES;
				CLANG_WARN_DEPRECATED_OBJC_IMPLEMENTATIONS = YES;
				CLANG_WARN_DIRECT_OBJC_ISA_USAGE = YES_ERROR;
				CLANG_WARN_DOCUMENTATION_COMMENTS = YES;
				CLANG_WARN_EMPTY_BODY = YES;
				CLANG_WARN_ENUM_CONVERSION = YES;
				CLANG_WARN_INFINITE_RECURSION = YES;
				CLANG_WARN_INT_CONVERSION = YES;
				CLANG_WARN_NON_LITERAL_NULL_CONVERSION = YES;
				CLANG_WARN_OBJC_IMPLICIT_RETAIN_SELF = YES;
				CLANG_WARN_OBJC_LITERAL_CONVERSION = YES;
				CLANG_WARN_OBJC_ROOT_CLASS = YES_ERROR;
				CLANG_WARN_QUOTED_INCLUDE_IN_FRAMEWORK_HEADER = YES;
				CLANG_WARN_RANGE_LOOP_ANALYSIS = YES;
				CLANG_WARN_STRICT_PROTOTYPES = YES;
				CLANG_WARN_SUSPICIOUS_MOVE = YES;
				CLANG_WARN_UNGUARDED_AVAILABILITY = YES_AGGRESSIVE;
				CLANG_WARN_UNREACHABLE_CODE = YES;
				CLANG_WARN__DUPLICATE_METHOD_MATCH = YES;
				COPY_PHASE_STRIP = NO;
				DEBUG_INFORMATION_FORMAT = dwarf;
				ENABLE_STRICT_OBJC_MSGSEND = YES;
				ENABLE_TESTABILITY = YES;
				GCC_C_LANGUAGE_STANDARD = gnu11;
				GCC_DYNAMIC_NO_PIC = NO;
				GCC_NO_COMMON_BLOCKS = YES;
				GCC_OPTIMIZATION_LEVEL = 0;
				GCC_PREPROCESSOR_DEFINITIONS = (
					"DEBUG=1",
					"$(inherited)",
				);
				GCC_WARN_64_TO_32_BIT_CONVERSION = YES;
				GCC_WARN_ABOUT_RETURN_TYPE = YES_ERROR;
				GCC_WARN_UNDECLARED_SELECTOR = YES;
				GCC_WARN_UNINITIALIZED_AUTOS = YES_AGGRESSIVE;
				GCC_WARN_UNUSED_FUNCTION = YES;
				GCC_WARN_UNUSED_VARIABLE = YES;
				IPHONEOS_DEPLOYMENT_TARGET = 14.7;
				MTL_ENABLE_DEBUG_INFO = INCLUDE_SOURCE;
				MTL_FAST_MATH = YES;
				ONLY_ACTIVE_ARCH = YES;
				SDKROOT = iphoneos;
				SWIFT_ACTIVE_COMPILATION_CONDITIONS = DEBUG;
				SWIFT_OPTIMIZATION_LEVEL = "-Onone";
			};
			name = Debug;
		};
		E188B39B2739817B0018C8AB /* Release */ = {
			isa = XCBuildConfiguration;
			buildSettings = {
				ALWAYS_SEARCH_USER_PATHS = NO;
				CLANG_ANALYZER_NONNULL = YES;
				CLANG_ANALYZER_NUMBER_OBJECT_CONVERSION = YES_AGGRESSIVE;
				CLANG_CXX_LANGUAGE_STANDARD = "gnu++17";
				CLANG_CXX_LIBRARY = "libc++";
				CLANG_ENABLE_MODULES = YES;
				CLANG_ENABLE_OBJC_ARC = YES;
				CLANG_ENABLE_OBJC_WEAK = YES;
				CLANG_WARN_BLOCK_CAPTURE_AUTORELEASING = YES;
				CLANG_WARN_BOOL_CONVERSION = YES;
				CLANG_WARN_COMMA = YES;
				CLANG_WARN_CONSTANT_CONVERSION = YES;
				CLANG_WARN_DEPRECATED_OBJC_IMPLEMENTATIONS = YES;
				CLANG_WARN_DIRECT_OBJC_ISA_USAGE = YES_ERROR;
				CLANG_WARN_DOCUMENTATION_COMMENTS = YES;
				CLANG_WARN_EMPTY_BODY = YES;
				CLANG_WARN_ENUM_CONVERSION = YES;
				CLANG_WARN_INFINITE_RECURSION = YES;
				CLANG_WARN_INT_CONVERSION = YES;
				CLANG_WARN_NON_LITERAL_NULL_CONVERSION = YES;
				CLANG_WARN_OBJC_IMPLICIT_RETAIN_SELF = YES;
				CLANG_WARN_OBJC_LITERAL_CONVERSION = YES;
				CLANG_WARN_OBJC_ROOT_CLASS = YES_ERROR;
				CLANG_WARN_QUOTED_INCLUDE_IN_FRAMEWORK_HEADER = YES;
				CLANG_WARN_RANGE_LOOP_ANALYSIS = YES;
				CLANG_WARN_STRICT_PROTOTYPES = YES;
				CLANG_WARN_SUSPICIOUS_MOVE = YES;
				CLANG_WARN_UNGUARDED_AVAILABILITY = YES_AGGRESSIVE;
				CLANG_WARN_UNREACHABLE_CODE = YES;
				CLANG_WARN__DUPLICATE_METHOD_MATCH = YES;
				COPY_PHASE_STRIP = NO;
				DEBUG_INFORMATION_FORMAT = "dwarf-with-dsym";
				ENABLE_NS_ASSERTIONS = NO;
				ENABLE_STRICT_OBJC_MSGSEND = YES;
				GCC_C_LANGUAGE_STANDARD = gnu11;
				GCC_NO_COMMON_BLOCKS = YES;
				GCC_WARN_64_TO_32_BIT_CONVERSION = YES;
				GCC_WARN_ABOUT_RETURN_TYPE = YES_ERROR;
				GCC_WARN_UNDECLARED_SELECTOR = YES;
				GCC_WARN_UNINITIALIZED_AUTOS = YES_AGGRESSIVE;
				GCC_WARN_UNUSED_FUNCTION = YES;
				GCC_WARN_UNUSED_VARIABLE = YES;
				IPHONEOS_DEPLOYMENT_TARGET = 14.7;
				MTL_ENABLE_DEBUG_INFO = NO;
				MTL_FAST_MATH = YES;
				SDKROOT = iphoneos;
				SWIFT_COMPILATION_MODE = wholemodule;
				SWIFT_OPTIMIZATION_LEVEL = "-O";
				VALIDATE_PRODUCT = YES;
			};
			name = Release;
		};
		E188B39D2739817B0018C8AB /* Debug */ = {
			isa = XCBuildConfiguration;
			buildSettings = {
				ASSETCATALOG_COMPILER_APPICON_NAME = AppIcon;
				ASSETCATALOG_COMPILER_GLOBAL_ACCENT_COLOR_NAME = AccentColor;
				ASSETCATALOG_COMPILER_INCLUDE_ALL_APPICON_ASSETS = YES;
				CODE_SIGN_STYLE = Automatic;
				CURRENT_PROJECT_VERSION = 1;
				DEVELOPMENT_TEAM = 77F3V7ZPZG;
				GENERATE_INFOPLIST_FILE = YES;
				INFOPLIST_FILE = GerApp/Info.plist;
				INFOPLIST_KEY_CFBundleDisplayName = GerApp;
				INFOPLIST_KEY_UIApplicationSupportsIndirectInputEvents = YES;
				INFOPLIST_KEY_UILaunchStoryboardName = LaunchScreen;
				INFOPLIST_KEY_UIMainStoryboardFile = Main;
				INFOPLIST_KEY_UISupportedInterfaceOrientations = UIInterfaceOrientationPortrait;
				INFOPLIST_KEY_UISupportedInterfaceOrientations_iPad = "UIInterfaceOrientationPortrait UIInterfaceOrientationPortraitUpsideDown UIInterfaceOrientationLandscapeLeft UIInterfaceOrientationLandscapeRight";
				INFOPLIST_KEY_UISupportedInterfaceOrientations_iPhone = "UIInterfaceOrientationPortrait UIInterfaceOrientationLandscapeLeft UIInterfaceOrientationLandscapeRight";
				IPHONEOS_DEPLOYMENT_TARGET = 14.7;
				LD_RUNPATH_SEARCH_PATHS = (
					"$(inherited)",
					"@executable_path/Frameworks",
				);
				MARKETING_VERSION = 1.0;
				PRODUCT_BUNDLE_IDENTIFIER = br.com.mleslie.GerApp;
				PRODUCT_NAME = "$(TARGET_NAME)";
				SWIFT_EMIT_LOC_STRINGS = YES;
				SWIFT_VERSION = 5.0;
				TARGETED_DEVICE_FAMILY = "1,2";
			};
			name = Debug;
		};
		E188B39E2739817B0018C8AB /* Release */ = {
			isa = XCBuildConfiguration;
			buildSettings = {
				ASSETCATALOG_COMPILER_APPICON_NAME = AppIcon;
				ASSETCATALOG_COMPILER_GLOBAL_ACCENT_COLOR_NAME = AccentColor;
				ASSETCATALOG_COMPILER_INCLUDE_ALL_APPICON_ASSETS = YES;
				CODE_SIGN_STYLE = Automatic;
				CURRENT_PROJECT_VERSION = 1;
				DEVELOPMENT_TEAM = 77F3V7ZPZG;
				GENERATE_INFOPLIST_FILE = YES;
				INFOPLIST_FILE = GerApp/Info.plist;
				INFOPLIST_KEY_CFBundleDisplayName = GerApp;
				INFOPLIST_KEY_UIApplicationSupportsIndirectInputEvents = YES;
				INFOPLIST_KEY_UILaunchStoryboardName = LaunchScreen;
				INFOPLIST_KEY_UIMainStoryboardFile = Main;
				INFOPLIST_KEY_UISupportedInterfaceOrientations = UIInterfaceOrientationPortrait;
				INFOPLIST_KEY_UISupportedInterfaceOrientations_iPad = "UIInterfaceOrientationPortrait UIInterfaceOrientationPortraitUpsideDown UIInterfaceOrientationLandscapeLeft UIInterfaceOrientationLandscapeRight";
				INFOPLIST_KEY_UISupportedInterfaceOrientations_iPhone = "UIInterfaceOrientationPortrait UIInterfaceOrientationLandscapeLeft UIInterfaceOrientationLandscapeRight";
				IPHONEOS_DEPLOYMENT_TARGET = 14.7;
				LD_RUNPATH_SEARCH_PATHS = (
					"$(inherited)",
					"@executable_path/Frameworks",
				);
				MARKETING_VERSION = 1.0;
				PRODUCT_BUNDLE_IDENTIFIER = br.com.mleslie.GerApp;
				PRODUCT_NAME = "$(TARGET_NAME)";
				SWIFT_EMIT_LOC_STRINGS = YES;
				SWIFT_VERSION = 5.0;
				TARGETED_DEVICE_FAMILY = "1,2";
			};
			name = Release;
		};
/* End XCBuildConfiguration section */

/* Begin XCConfigurationList section */
		E188B380273981770018C8AB /* Build configuration list for PBXProject "GerApp" */ = {
			isa = XCConfigurationList;
			buildConfigurations = (
				E188B39A2739817B0018C8AB /* Debug */,
				E188B39B2739817B0018C8AB /* Release */,
			);
			defaultConfigurationIsVisible = 0;
			defaultConfigurationName = Release;
		};
		E188B39C2739817B0018C8AB /* Build configuration list for PBXNativeTarget "GerApp" */ = {
			isa = XCConfigurationList;
			buildConfigurations = (
				E188B39D2739817B0018C8AB /* Debug */,
				E188B39E2739817B0018C8AB /* Release */,
			);
			defaultConfigurationIsVisible = 0;
			defaultConfigurationName = Release;
		};
/* End XCConfigurationList section */

/* Begin XCVersionGroup section */
		E188B391273981780018C8AB /* GerApp.xcdatamodeld */ = {
			isa = XCVersionGroup;
			children = (
				E188B392273981780018C8AB /* GerApp.xcdatamodel */,
			);
			currentVersion = E188B392273981780018C8AB /* GerApp.xcdatamodel */;
			path = GerApp.xcdatamodeld;
			sourceTree = "<group>";
			versionGroupType = wrapper.xcdatamodel;
		};
/* End XCVersionGroup section */
	};
	rootObject = E188B37D273981770018C8AB /* Project object */;
}
